// !$*UTF8*$!
{
	archiveVersion = 1;
	classes = {
	};
	objectVersion = 56;
	objects = {

/* Begin PBXBuildFile section */
		3F40AA392B18115E006DD8FA /* ContentViewOfficial.swift in Sources */ = {isa = PBXBuildFile; fileRef = 3F40AA382B18115E006DD8FA /* ContentViewOfficial.swift */; };
		3F40AA3C2B18119F006DD8FA /* LoginView.swift in Sources */ = {isa = PBXBuildFile; fileRef = 3F40AA3B2B18119F006DD8FA /* LoginView.swift */; };
		3F40AA3E2B1817DD006DD8FA /* RegistrationView.swift in Sources */ = {isa = PBXBuildFile; fileRef = 3F40AA3D2B1817DD006DD8FA /* RegistrationView.swift */; };
		3F40AA412B18198E006DD8FA /* NotesTextFieldModifier.swift in Sources */ = {isa = PBXBuildFile; fileRef = 3F40AA402B18198D006DD8FA /* NotesTextFieldModifier.swift */; };
		3F40AA462B18336A006DD8FA /* NotesTabView.swift in Sources */ = {isa = PBXBuildFile; fileRef = 3F40AA452B18336A006DD8FA /* NotesTabView.swift */; };
		3F40AA4A2B1836B7006DD8FA /* FeedView.swift in Sources */ = {isa = PBXBuildFile; fileRef = 3F40AA492B1836B7006DD8FA /* FeedView.swift */; };
		3F40AA4E2B183737006DD8FA /* ExploreView.swift in Sources */ = {isa = PBXBuildFile; fileRef = 3F40AA4D2B183737006DD8FA /* ExploreView.swift */; };
		3F40AA522B183797006DD8FA /* CreateNoteView.swift in Sources */ = {isa = PBXBuildFile; fileRef = 3F40AA512B183797006DD8FA /* CreateNoteView.swift */; };
		3F40AA562B1837E9006DD8FA /* ActivityView.swift in Sources */ = {isa = PBXBuildFile; fileRef = 3F40AA552B1837E9006DD8FA /* ActivityView.swift */; };
		3F40AA5A2B183EB5006DD8FA /* NoteCell.swift in Sources */ = {isa = PBXBuildFile; fileRef = 3F40AA592B183EB5006DD8FA /* NoteCell.swift */; };
		3F500CB92B1A9EF6004D96CD /* PreviewProvider.swift in Sources */ = {isa = PBXBuildFile; fileRef = 3F500CB82B1A9EF6004D96CD /* PreviewProvider.swift */; };
		3F500CBB2B1A9F1B004D96CD /* Color.swift in Sources */ = {isa = PBXBuildFile; fileRef = 3F500CBA2B1A9F1B004D96CD /* Color.swift */; };
		3F500CBD2B1A9F3D004D96CD /* String.swift in Sources */ = {isa = PBXBuildFile; fileRef = 3F500CBC2B1A9F3D004D96CD /* String.swift */; };
		3F500CBF2B1A9F7A004D96CD /* Note.swift in Sources */ = {isa = PBXBuildFile; fileRef = 3F500CBE2B1A9F7A004D96CD /* Note.swift */; };
		3F500CC12B1A9FB8004D96CD /* NoteReply.swift in Sources */ = {isa = PBXBuildFile; fileRef = 3F500CC02B1A9FB8004D96CD /* NoteReply.swift */; };
		3F500CC32B1AA136004D96CD /* NoteService.swift in Sources */ = {isa = PBXBuildFile; fileRef = 3F500CC22B1AA136004D96CD /* NoteService.swift */; };
		3F500CC52B1AA2EB004D96CD /* ImageUploader.swift in Sources */ = {isa = PBXBuildFile; fileRef = 3F500CC42B1AA2EB004D96CD /* ImageUploader.swift */; };
		3F500CC92B1AA341004D96CD /* FirestoreConstants.swift in Sources */ = {isa = PBXBuildFile; fileRef = 3F500CC82B1AA341004D96CD /* FirestoreConstants.swift */; };
		3F500CCC2B1AA386004D96CD /* NotesButtonModifier.swift in Sources */ = {isa = PBXBuildFile; fileRef = 3F500CCB2B1AA386004D96CD /* NotesButtonModifier.swift */; };
		3F500CCE2B1AA45E004D96CD /* Timestamp.swift in Sources */ = {isa = PBXBuildFile; fileRef = 3F500CCD2B1AA45E004D96CD /* Timestamp.swift */; };
		3F500CD02B1AAE12004D96CD /* CurrentUserProfileContentVIew.swift in Sources */ = {isa = PBXBuildFile; fileRef = 3F500CCF2B1AAE12004D96CD /* CurrentUserProfileContentVIew.swift */; };
		3F500CD22B1AAF0E004D96CD /* NoteReplyCell.swift in Sources */ = {isa = PBXBuildFile; fileRef = 3F500CD12B1AAF0E004D96CD /* NoteReplyCell.swift */; };
		3F500CD42B1AAFE9004D96CD /* UserContentListView.swift in Sources */ = {isa = PBXBuildFile; fileRef = 3F500CD32B1AAFE9004D96CD /* UserContentListView.swift */; };
		3F500CD62B1AB0A6004D96CD /* UserContentListViewModel.swift in Sources */ = {isa = PBXBuildFile; fileRef = 3F500CD52B1AB0A6004D96CD /* UserContentListViewModel.swift */; };
		3F500CD82B1AC06E004D96CD /* UserProfileViewModel.swift in Sources */ = {isa = PBXBuildFile; fileRef = 3F500CD72B1AC06E004D96CD /* UserProfileViewModel.swift */; };
		3F500CDE2B1AC148004D96CD /* UserRelationType.swift in Sources */ = {isa = PBXBuildFile; fileRef = 3F500CDD2B1AC148004D96CD /* UserRelationType.swift */; };
		3F500CE02B1AC16D004D96CD /* UserRelationsView.swift in Sources */ = {isa = PBXBuildFile; fileRef = 3F500CDF2B1AC16D004D96CD /* UserRelationsView.swift */; };
		3F500CE22B1AC197004D96CD /* UserRelationsViewModel.swift in Sources */ = {isa = PBXBuildFile; fileRef = 3F500CE12B1AC197004D96CD /* UserRelationsViewModel.swift */; };
		3F500CE52B1AC24A004D96CD /* ExploreViewModel.swift in Sources */ = {isa = PBXBuildFile; fileRef = 3F500CE42B1AC24A004D96CD /* ExploreViewModel.swift */; };
		3F500CE72B1AC33B004D96CD /* CreateNoteDummyView.swift in Sources */ = {isa = PBXBuildFile; fileRef = 3F500CE62B1AC33B004D96CD /* CreateNoteDummyView.swift */; };
		3F500CEB2B1AC4D5004D96CD /* NoteDetailsView.swift in Sources */ = {isa = PBXBuildFile; fileRef = 3F500CEA2B1AC4D5004D96CD /* NoteDetailsView.swift */; };
		3F500CED2B1AC5D6004D96CD /* NoteDetailsViewModel.swift in Sources */ = {isa = PBXBuildFile; fileRef = 3F500CEC2B1AC5D6004D96CD /* NoteDetailsViewModel.swift */; };
		3F500CF02B1AC717004D96CD /* CreateNoteViewModel.swift in Sources */ = {isa = PBXBuildFile; fileRef = 3F500CEF2B1AC717004D96CD /* CreateNoteViewModel.swift */; };
		3F500CF62B1AD1EF004D96CD /* NoteActionSheetView.swift in Sources */ = {isa = PBXBuildFile; fileRef = 3F500CF52B1AD1EF004D96CD /* NoteActionSheetView.swift */; };
		3F500CF82B1AD2F7004D96CD /* NoteActionSheetOptions.swift in Sources */ = {isa = PBXBuildFile; fileRef = 3F500CF72B1AD2F7004D96CD /* NoteActionSheetOptions.swift */; };
		3F500CFC2B1AD67F004D96CD /* NoteReplyView.swift in Sources */ = {isa = PBXBuildFile; fileRef = 3F500CFB2B1AD67F004D96CD /* NoteReplyView.swift */; };
		3F500CFE2B1AD73F004D96CD /* NoteReplyViewModel.swift in Sources */ = {isa = PBXBuildFile; fileRef = 3F500CFD2B1AD73F004D96CD /* NoteReplyViewModel.swift */; };
		3F500D002B1AD8AB004D96CD /* ForgotPasswordView.swift in Sources */ = {isa = PBXBuildFile; fileRef = 3F500CFF2B1AD8AB004D96CD /* ForgotPasswordView.swift */; };
		3F500D022B1AD919004D96CD /* ForgotPasswordViewModel.swift in Sources */ = {isa = PBXBuildFile; fileRef = 3F500D012B1AD919004D96CD /* ForgotPasswordViewModel.swift */; };
		3F500D052B1AD993004D96CD /* AuthenticationFormProtocol.swift in Sources */ = {isa = PBXBuildFile; fileRef = 3F500D042B1AD993004D96CD /* AuthenticationFormProtocol.swift */; };
		3F500D082B1AD9C7004D96CD /* AuthError.swift in Sources */ = {isa = PBXBuildFile; fileRef = 3F500D072B1AD9C7004D96CD /* AuthError.swift */; };
		3F500D0A2B1ADAE5004D96CD /* FeedViewModel.swift in Sources */ = {isa = PBXBuildFile; fileRef = 3F500D092B1ADAE5004D96CD /* FeedViewModel.swift */; };
		3F500D0C2B1ADBEF004D96CD /* ActivityFilterView.swift in Sources */ = {isa = PBXBuildFile; fileRef = 3F500D0B2B1ADBEF004D96CD /* ActivityFilterView.swift */; };
		3F500D0E2B1ADC18004D96CD /* ActivityRowView.swift in Sources */ = {isa = PBXBuildFile; fileRef = 3F500D0D2B1ADC18004D96CD /* ActivityRowView.swift */; };
		3F500D102B1ADC3E004D96CD /* ActivityBadgeView.swift in Sources */ = {isa = PBXBuildFile; fileRef = 3F500D0F2B1ADC3E004D96CD /* ActivityBadgeView.swift */; };
		3F500D132B1ADC92004D96CD /* ActivityModel.swift in Sources */ = {isa = PBXBuildFile; fileRef = 3F500D122B1ADC92004D96CD /* ActivityModel.swift */; };
		3F500D152B1ADD1E004D96CD /* ActivityType.swift in Sources */ = {isa = PBXBuildFile; fileRef = 3F500D142B1ADD1E004D96CD /* ActivityType.swift */; };
		3F500D182B1ADDB2004D96CD /* ActivityFilterViewModel.swift in Sources */ = {isa = PBXBuildFile; fileRef = 3F500D172B1ADDB2004D96CD /* ActivityFilterViewModel.swift */; };
		3F500D1A2B1ADDD1004D96CD /* ActivityViewModel.swift in Sources */ = {isa = PBXBuildFile; fileRef = 3F500D192B1ADDD1004D96CD /* ActivityViewModel.swift */; };
		3F500D1D2B1ADE35004D96CD /* ActivityService.swift in Sources */ = {isa = PBXBuildFile; fileRef = 3F500D1C2B1ADE35004D96CD /* ActivityService.swift */; };
		3F500D1F2B1AE185004D96CD /* UserListView.swift in Sources */ = {isa = PBXBuildFile; fileRef = 3F500D1E2B1AE185004D96CD /* UserListView.swift */; };
		3F500D232B1AE36B004D96CD /* ContentActionButtonView.swift in Sources */ = {isa = PBXBuildFile; fileRef = 3F500D222B1AE36B004D96CD /* ContentActionButtonView.swift */; };
		3F500D252B1AE3EB004D96CD /* ContentActionButtonViewModel.swift in Sources */ = {isa = PBXBuildFile; fileRef = 3F500D242B1AE3EB004D96CD /* ContentActionButtonViewModel.swift */; };
		3F500D282B1AE9CF004D96CD /* SettingsView.swift in Sources */ = {isa = PBXBuildFile; fileRef = 3F500D272B1AE9CF004D96CD /* SettingsView.swift */; };
		3F500D2A2B1AE9F5004D96CD /* SettingsOptions.swift in Sources */ = {isa = PBXBuildFile; fileRef = 3F500D292B1AE9F5004D96CD /* SettingsOptions.swift */; };
		3F500D2D2B1AEEF6004D96CD /* Kingfisher in Frameworks */ = {isa = PBXBuildFile; productRef = 3F500D2C2B1AEEF6004D96CD /* Kingfisher */; };
		3F7CA13A2B25439A00CC1705 /* ReportPopupContentView.swift in Sources */ = {isa = PBXBuildFile; fileRef = 3F7CA1392B25439A00CC1705 /* ReportPopupContentView.swift */; };
		3F7CA13C2B25451900CC1705 /* ReportPopupView.swift in Sources */ = {isa = PBXBuildFile; fileRef = 3F7CA13B2B25451900CC1705 /* ReportPopupView.swift */; };
		3F7CA13E2B255E5C00CC1705 /* AboutView.swift in Sources */ = {isa = PBXBuildFile; fileRef = 3F7CA13D2B255E5C00CC1705 /* AboutView.swift */; };
		3F7CA1402B25777D00CC1705 /* PrivacyView.swift in Sources */ = {isa = PBXBuildFile; fileRef = 3F7CA13F2B25777D00CC1705 /* PrivacyView.swift */; };
		3F7CA1432B2582D600CC1705 /* NewGatheringView.swift in Sources */ = {isa = PBXBuildFile; fileRef = 3F7CA1422B2582D600CC1705 /* NewGatheringView.swift */; };
		3F7CA1472B25835900CC1705 /* NewGatherViewViewModel.swift in Sources */ = {isa = PBXBuildFile; fileRef = 3F7CA1462B25835900CC1705 /* NewGatherViewViewModel.swift */; };
		3F7CA1492B25838A00CC1705 /* NGButton.swift in Sources */ = {isa = PBXBuildFile; fileRef = 3F7CA1482B25838A00CC1705 /* NGButton.swift */; };
		3F7E62D42B19635000B38ECC /* CircularProfileImageView.swift in Sources */ = {isa = PBXBuildFile; fileRef = 3F7E62D32B19635000B38ECC /* CircularProfileImageView.swift */; };
		3F7E62D62B1963F500B38ECC /* UserCell.swift in Sources */ = {isa = PBXBuildFile; fileRef = 3F7E62D52B1963F500B38ECC /* UserCell.swift */; };
		3F7E62D92B19679200B38ECC /* ProfileNoteFilterViewModel.swift in Sources */ = {isa = PBXBuildFile; fileRef = 3F7E62D82B19679200B38ECC /* ProfileNoteFilterViewModel.swift */; };
		3F7E62DE2B196E9100B38ECC /* EditProfileView.swift in Sources */ = {isa = PBXBuildFile; fileRef = 3F7E62DD2B196E9100B38ECC /* EditProfileView.swift */; };
		3F7E62E22B19A21900B38ECC /* RegistrationViewModel.swift in Sources */ = {isa = PBXBuildFile; fileRef = 3F7E62E12B19A21900B38ECC /* RegistrationViewModel.swift */; };
		3F7E62E42B19A74600B38ECC /* AuthService.swift in Sources */ = {isa = PBXBuildFile; fileRef = 3F7E62E32B19A74600B38ECC /* AuthService.swift */; };
		3F7E62E62B19AB9E00B38ECC /* ContentViewOfficialModel.swift in Sources */ = {isa = PBXBuildFile; fileRef = 3F7E62E52B19AB9E00B38ECC /* ContentViewOfficialModel.swift */; };
		3F7E62E82B19B06E00B38ECC /* LoginViewModel.swift in Sources */ = {isa = PBXBuildFile; fileRef = 3F7E62E72B19B06E00B38ECC /* LoginViewModel.swift */; };
		3F7E62EA2B19B3A200B38ECC /* User.swift in Sources */ = {isa = PBXBuildFile; fileRef = 3F7E62E92B19B3A200B38ECC /* User.swift */; };
		3F7E62EC2B19B76A00B38ECC /* UserService.swift in Sources */ = {isa = PBXBuildFile; fileRef = 3F7E62EB2B19B76A00B38ECC /* UserService.swift */; };
		3F7E62EE2B19B8C500B38ECC /* CurrentUserProfileViewModel.swift in Sources */ = {isa = PBXBuildFile; fileRef = 3F7E62ED2B19B8C500B38ECC /* CurrentUserProfileViewModel.swift */; };
		3F7E62F72B19D00600B38ECC /* CurrentUserProfileView.swift in Sources */ = {isa = PBXBuildFile; fileRef = 3F7E62F62B19D00600B38ECC /* CurrentUserProfileView.swift */; };
		3F7E62FB2B19D3BD00B38ECC /* ProfileHeaderView.swift in Sources */ = {isa = PBXBuildFile; fileRef = 3F7E62FA2B19D3BD00B38ECC /* ProfileHeaderView.swift */; };
		3FBAC1172B294F4D004769A5 /* AccountDeletionViewModel.swift in Sources */ = {isa = PBXBuildFile; fileRef = 3FBAC1162B294F4D004769A5 /* AccountDeletionViewModel.swift */; };
		3FBC60772B018594001DB696 /* ProfileView.swift in Sources */ = {isa = PBXBuildFile; fileRef = 3FBC60762B018594001DB696 /* ProfileView.swift */; };
		B2388E532AF58FC3009B82DE /* SwipeView2.swift in Sources */ = {isa = PBXBuildFile; fileRef = B2388E522AF58FC3009B82DE /* SwipeView2.swift */; };
		B2388E552AF593B2009B82DE /* ContentView2.swift in Sources */ = {isa = PBXBuildFile; fileRef = B2388E542AF593B2009B82DE /* ContentView2.swift */; };
		B2388E572AFB1095009B82DE /* GoogleService-Info.plist in Resources */ = {isa = PBXBuildFile; fileRef = B2388E562AFB1095009B82DE /* GoogleService-Info.plist */; };
		B2388E5D2B0557FB009B82DE /* SwipeView3.swift in Sources */ = {isa = PBXBuildFile; fileRef = B2388E5C2B0557FB009B82DE /* SwipeView3.swift */; };
		B2388E942B060BEA009B82DE /* RequestUserContactsView.swift in Sources */ = {isa = PBXBuildFile; fileRef = B2388E932B060BEA009B82DE /* RequestUserContactsView.swift */; };
		B2388E962B0626F4009B82DE /* ContactModel.swift in Sources */ = {isa = PBXBuildFile; fileRef = B2388E952B0626F4009B82DE /* ContactModel.swift */; };
		B2388E992B0639BC009B82DE /* PhoneNumberPickerView.swift in Sources */ = {isa = PBXBuildFile; fileRef = B2388E982B0639BC009B82DE /* PhoneNumberPickerView.swift */; };
		B2388E9B2B0C2707009B82DE /* UIColor+Hex.swift in Sources */ = {isa = PBXBuildFile; fileRef = B2388E9A2B0C2706009B82DE /* UIColor+Hex.swift */; };
		B24F15ED2B214D300076DD33 /* YelpApiService.swift in Sources */ = {isa = PBXBuildFile; fileRef = B24F15EC2B214D300076DD33 /* YelpApiService.swift */; };
		B24F15F12B214D5E0076DD33 /* RecommendViewModel.swift in Sources */ = {isa = PBXBuildFile; fileRef = B24F15F02B214D5E0076DD33 /* RecommendViewModel.swift */; };
		B24F15F32B214D860076DD33 /* RecommendedRestaurantView.swift in Sources */ = {isa = PBXBuildFile; fileRef = B24F15F22B214D860076DD33 /* RecommendedRestaurantView.swift */; };
		B24F15F52B214D990076DD33 /* DisplayListofRestaurants.swift in Sources */ = {isa = PBXBuildFile; fileRef = B24F15F42B214D990076DD33 /* DisplayListofRestaurants.swift */; };
		B24F15F72B23DBAF0076DD33 /* ContactsScreenFunctions.swift in Sources */ = {isa = PBXBuildFile; fileRef = B24F15F62B23DBAF0076DD33 /* ContactsScreenFunctions.swift */; };
		B2846D672AF55F20009D22DF /* SwipeView.swift in Sources */ = {isa = PBXBuildFile; fileRef = B2846D662AF55F20009D22DF /* SwipeView.swift */; };
		B2A935042AF181FB006B7AD8 /* TasteBudzApp.swift in Sources */ = {isa = PBXBuildFile; fileRef = B2A935032AF181FB006B7AD8 /* TasteBudzApp.swift */; };
		B2A935062AF181FB006B7AD8 /* ContentView.swift in Sources */ = {isa = PBXBuildFile; fileRef = B2A935052AF181FB006B7AD8 /* ContentView.swift */; };
		B2A935082AF181FE006B7AD8 /* Assets.xcassets in Resources */ = {isa = PBXBuildFile; fileRef = B2A935072AF181FE006B7AD8 /* Assets.xcassets */; };
		B2A9350B2AF181FE006B7AD8 /* Preview Assets.xcassets in Resources */ = {isa = PBXBuildFile; fileRef = B2A9350A2AF181FE006B7AD8 /* Preview Assets.xcassets */; };
		B2A935152AF181FE006B7AD8 /* TasteBudzTests.swift in Sources */ = {isa = PBXBuildFile; fileRef = B2A935142AF181FE006B7AD8 /* TasteBudzTests.swift */; };
		B2A9351F2AF181FE006B7AD8 /* TasteBudzUITests.swift in Sources */ = {isa = PBXBuildFile; fileRef = B2A9351E2AF181FE006B7AD8 /* TasteBudzUITests.swift */; };
		B2A935212AF181FE006B7AD8 /* TasteBudzUITestsLaunchTests.swift in Sources */ = {isa = PBXBuildFile; fileRef = B2A935202AF181FE006B7AD8 /* TasteBudzUITestsLaunchTests.swift */; };
		B2A935342AF183C0006B7AD8 /* FirebaseAnalytics in Frameworks */ = {isa = PBXBuildFile; productRef = B2A935332AF183C0006B7AD8 /* FirebaseAnalytics */; };
		B2A935362AF183C0006B7AD8 /* FirebaseAnalyticsOnDeviceConversion in Frameworks */ = {isa = PBXBuildFile; productRef = B2A935352AF183C0006B7AD8 /* FirebaseAnalyticsOnDeviceConversion */; };
		B2A935382AF183C0006B7AD8 /* FirebaseAnalyticsSwift in Frameworks */ = {isa = PBXBuildFile; productRef = B2A935372AF183C0006B7AD8 /* FirebaseAnalyticsSwift */; };
		B2A9353A2AF183C0006B7AD8 /* FirebaseAnalyticsWithoutAdIdSupport in Frameworks */ = {isa = PBXBuildFile; productRef = B2A935392AF183C0006B7AD8 /* FirebaseAnalyticsWithoutAdIdSupport */; };
		B2A9353C2AF183C0006B7AD8 /* FirebaseAppCheck in Frameworks */ = {isa = PBXBuildFile; productRef = B2A9353B2AF183C0006B7AD8 /* FirebaseAppCheck */; };
		B2A9353E2AF183C0006B7AD8 /* FirebaseAuth in Frameworks */ = {isa = PBXBuildFile; productRef = B2A9353D2AF183C0006B7AD8 /* FirebaseAuth */; };
		B2A935402AF183C0006B7AD8 /* FirebaseDatabase in Frameworks */ = {isa = PBXBuildFile; productRef = B2A9353F2AF183C0006B7AD8 /* FirebaseDatabase */; };
		B2A935422AF183C0006B7AD8 /* FirebaseFirestore in Frameworks */ = {isa = PBXBuildFile; productRef = B2A935412AF183C0006B7AD8 /* FirebaseFirestore */; };
		B2A935442AF183C0006B7AD8 /* FirebaseFirestoreSwift in Frameworks */ = {isa = PBXBuildFile; productRef = B2A935432AF183C0006B7AD8 /* FirebaseFirestoreSwift */; };
		B2A935462AF183C0006B7AD8 /* FirebaseInAppMessaging-Beta in Frameworks */ = {isa = PBXBuildFile; productRef = B2A935452AF183C0006B7AD8 /* FirebaseInAppMessaging-Beta */; };
		B2A935482AF183C0006B7AD8 /* FirebaseInAppMessagingSwift-Beta in Frameworks */ = {isa = PBXBuildFile; productRef = B2A935472AF183C0006B7AD8 /* FirebaseInAppMessagingSwift-Beta */; };
		B2A9354A2AF183C0006B7AD8 /* FirebaseMessaging in Frameworks */ = {isa = PBXBuildFile; productRef = B2A935492AF183C0006B7AD8 /* FirebaseMessaging */; };
		B2A9354C2AF183C0006B7AD8 /* FirebasePerformance in Frameworks */ = {isa = PBXBuildFile; productRef = B2A9354B2AF183C0006B7AD8 /* FirebasePerformance */; };
		B2A9354E2AF183C0006B7AD8 /* FirebaseStorage in Frameworks */ = {isa = PBXBuildFile; productRef = B2A9354D2AF183C0006B7AD8 /* FirebaseStorage */; };
		B2A935502AF1A481006B7AD8 /* AppDelegate.swift in Sources */ = {isa = PBXBuildFile; fileRef = B2A9354F2AF1A481006B7AD8 /* AppDelegate.swift */; };
		B2B48A1D2B240C890082076F /* CreateNetwork.swift in Sources */ = {isa = PBXBuildFile; fileRef = B2B48A1C2B240C890082076F /* CreateNetwork.swift */; };
		B2B48A212B2673540082076F /* NetworkViewTest.swift in Sources */ = {isa = PBXBuildFile; fileRef = B2B48A202B2673540082076F /* NetworkViewTest.swift */; };
		B2B48A3A2B285C430082076F /* RestDetailRetrieval.swift in Sources */ = {isa = PBXBuildFile; fileRef = B2B48A392B285C430082076F /* RestDetailRetrieval.swift */; };
		B2B48A3E2B285C740082076F /* YelpApiDetailsTestView.swift in Sources */ = {isa = PBXBuildFile; fileRef = B2B48A3D2B285C740082076F /* YelpApiDetailsTestView.swift */; };
/* End PBXBuildFile section */

/* Begin PBXContainerItemProxy section */
		B2A935112AF181FE006B7AD8 /* PBXContainerItemProxy */ = {
			isa = PBXContainerItemProxy;
			containerPortal = B2A934F82AF181FB006B7AD8 /* Project object */;
			proxyType = 1;
			remoteGlobalIDString = B2A934FF2AF181FB006B7AD8;
			remoteInfo = TasteBudz;
		};
		B2A9351B2AF181FE006B7AD8 /* PBXContainerItemProxy */ = {
			isa = PBXContainerItemProxy;
			containerPortal = B2A934F82AF181FB006B7AD8 /* Project object */;
			proxyType = 1;
			remoteGlobalIDString = B2A934FF2AF181FB006B7AD8;
			remoteInfo = TasteBudz;
		};
/* End PBXContainerItemProxy section */

/* Begin PBXFileReference section */
		3F40AA382B18115E006DD8FA /* ContentViewOfficial.swift */ = {isa = PBXFileReference; lastKnownFileType = sourcecode.swift; path = ContentViewOfficial.swift; sourceTree = "<group>"; };
		3F40AA3B2B18119F006DD8FA /* LoginView.swift */ = {isa = PBXFileReference; lastKnownFileType = sourcecode.swift; path = LoginView.swift; sourceTree = "<group>"; };
		3F40AA3D2B1817DD006DD8FA /* RegistrationView.swift */ = {isa = PBXFileReference; lastKnownFileType = sourcecode.swift; path = RegistrationView.swift; sourceTree = "<group>"; };
		3F40AA402B18198D006DD8FA /* NotesTextFieldModifier.swift */ = {isa = PBXFileReference; lastKnownFileType = sourcecode.swift; path = NotesTextFieldModifier.swift; sourceTree = "<group>"; };
		3F40AA452B18336A006DD8FA /* NotesTabView.swift */ = {isa = PBXFileReference; lastKnownFileType = sourcecode.swift; path = NotesTabView.swift; sourceTree = "<group>"; };
		3F40AA492B1836B7006DD8FA /* FeedView.swift */ = {isa = PBXFileReference; lastKnownFileType = sourcecode.swift; path = FeedView.swift; sourceTree = "<group>"; };
		3F40AA4D2B183737006DD8FA /* ExploreView.swift */ = {isa = PBXFileReference; lastKnownFileType = sourcecode.swift; path = ExploreView.swift; sourceTree = "<group>"; };
		3F40AA512B183797006DD8FA /* CreateNoteView.swift */ = {isa = PBXFileReference; lastKnownFileType = sourcecode.swift; path = CreateNoteView.swift; sourceTree = "<group>"; };
		3F40AA552B1837E9006DD8FA /* ActivityView.swift */ = {isa = PBXFileReference; lastKnownFileType = sourcecode.swift; path = ActivityView.swift; sourceTree = "<group>"; };
		3F40AA592B183EB5006DD8FA /* NoteCell.swift */ = {isa = PBXFileReference; lastKnownFileType = sourcecode.swift; path = NoteCell.swift; sourceTree = "<group>"; };
		3F500CB82B1A9EF6004D96CD /* PreviewProvider.swift */ = {isa = PBXFileReference; lastKnownFileType = sourcecode.swift; path = PreviewProvider.swift; sourceTree = "<group>"; };
		3F500CBA2B1A9F1B004D96CD /* Color.swift */ = {isa = PBXFileReference; lastKnownFileType = sourcecode.swift; path = Color.swift; sourceTree = "<group>"; };
		3F500CBC2B1A9F3D004D96CD /* String.swift */ = {isa = PBXFileReference; lastKnownFileType = sourcecode.swift; path = String.swift; sourceTree = "<group>"; };
		3F500CBE2B1A9F7A004D96CD /* Note.swift */ = {isa = PBXFileReference; lastKnownFileType = sourcecode.swift; path = Note.swift; sourceTree = "<group>"; };
		3F500CC02B1A9FB8004D96CD /* NoteReply.swift */ = {isa = PBXFileReference; lastKnownFileType = sourcecode.swift; path = NoteReply.swift; sourceTree = "<group>"; };
		3F500CC22B1AA136004D96CD /* NoteService.swift */ = {isa = PBXFileReference; lastKnownFileType = sourcecode.swift; path = NoteService.swift; sourceTree = "<group>"; };
		3F500CC42B1AA2EB004D96CD /* ImageUploader.swift */ = {isa = PBXFileReference; lastKnownFileType = sourcecode.swift; path = ImageUploader.swift; sourceTree = "<group>"; };
		3F500CC82B1AA341004D96CD /* FirestoreConstants.swift */ = {isa = PBXFileReference; lastKnownFileType = sourcecode.swift; path = FirestoreConstants.swift; sourceTree = "<group>"; };
		3F500CCB2B1AA386004D96CD /* NotesButtonModifier.swift */ = {isa = PBXFileReference; lastKnownFileType = sourcecode.swift; path = NotesButtonModifier.swift; sourceTree = "<group>"; };
		3F500CCD2B1AA45E004D96CD /* Timestamp.swift */ = {isa = PBXFileReference; lastKnownFileType = sourcecode.swift; path = Timestamp.swift; sourceTree = "<group>"; };
		3F500CCF2B1AAE12004D96CD /* CurrentUserProfileContentVIew.swift */ = {isa = PBXFileReference; lastKnownFileType = sourcecode.swift; path = CurrentUserProfileContentVIew.swift; sourceTree = "<group>"; };
		3F500CD12B1AAF0E004D96CD /* NoteReplyCell.swift */ = {isa = PBXFileReference; lastKnownFileType = sourcecode.swift; path = NoteReplyCell.swift; sourceTree = "<group>"; };
		3F500CD32B1AAFE9004D96CD /* UserContentListView.swift */ = {isa = PBXFileReference; lastKnownFileType = sourcecode.swift; path = UserContentListView.swift; sourceTree = "<group>"; };
		3F500CD52B1AB0A6004D96CD /* UserContentListViewModel.swift */ = {isa = PBXFileReference; lastKnownFileType = sourcecode.swift; path = UserContentListViewModel.swift; sourceTree = "<group>"; };
		3F500CD72B1AC06E004D96CD /* UserProfileViewModel.swift */ = {isa = PBXFileReference; lastKnownFileType = sourcecode.swift; path = UserProfileViewModel.swift; sourceTree = "<group>"; };
		3F500CDD2B1AC148004D96CD /* UserRelationType.swift */ = {isa = PBXFileReference; lastKnownFileType = sourcecode.swift; path = UserRelationType.swift; sourceTree = "<group>"; };
		3F500CDF2B1AC16D004D96CD /* UserRelationsView.swift */ = {isa = PBXFileReference; lastKnownFileType = sourcecode.swift; path = UserRelationsView.swift; sourceTree = "<group>"; };
		3F500CE12B1AC197004D96CD /* UserRelationsViewModel.swift */ = {isa = PBXFileReference; lastKnownFileType = sourcecode.swift; path = UserRelationsViewModel.swift; sourceTree = "<group>"; };
		3F500CE42B1AC24A004D96CD /* ExploreViewModel.swift */ = {isa = PBXFileReference; lastKnownFileType = sourcecode.swift; path = ExploreViewModel.swift; sourceTree = "<group>"; };
		3F500CE62B1AC33B004D96CD /* CreateNoteDummyView.swift */ = {isa = PBXFileReference; lastKnownFileType = sourcecode.swift; path = CreateNoteDummyView.swift; sourceTree = "<group>"; };
		3F500CEA2B1AC4D5004D96CD /* NoteDetailsView.swift */ = {isa = PBXFileReference; lastKnownFileType = sourcecode.swift; path = NoteDetailsView.swift; sourceTree = "<group>"; };
		3F500CEC2B1AC5D6004D96CD /* NoteDetailsViewModel.swift */ = {isa = PBXFileReference; lastKnownFileType = sourcecode.swift; path = NoteDetailsViewModel.swift; sourceTree = "<group>"; };
		3F500CEF2B1AC717004D96CD /* CreateNoteViewModel.swift */ = {isa = PBXFileReference; lastKnownFileType = sourcecode.swift; path = CreateNoteViewModel.swift; sourceTree = "<group>"; };
		3F500CF52B1AD1EF004D96CD /* NoteActionSheetView.swift */ = {isa = PBXFileReference; lastKnownFileType = sourcecode.swift; path = NoteActionSheetView.swift; sourceTree = "<group>"; };
		3F500CF72B1AD2F7004D96CD /* NoteActionSheetOptions.swift */ = {isa = PBXFileReference; lastKnownFileType = sourcecode.swift; path = NoteActionSheetOptions.swift; sourceTree = "<group>"; };
		3F500CFB2B1AD67F004D96CD /* NoteReplyView.swift */ = {isa = PBXFileReference; lastKnownFileType = sourcecode.swift; path = NoteReplyView.swift; sourceTree = "<group>"; };
		3F500CFD2B1AD73F004D96CD /* NoteReplyViewModel.swift */ = {isa = PBXFileReference; lastKnownFileType = sourcecode.swift; path = NoteReplyViewModel.swift; sourceTree = "<group>"; };
		3F500CFF2B1AD8AB004D96CD /* ForgotPasswordView.swift */ = {isa = PBXFileReference; lastKnownFileType = sourcecode.swift; path = ForgotPasswordView.swift; sourceTree = "<group>"; };
		3F500D012B1AD919004D96CD /* ForgotPasswordViewModel.swift */ = {isa = PBXFileReference; lastKnownFileType = sourcecode.swift; path = ForgotPasswordViewModel.swift; sourceTree = "<group>"; };
		3F500D042B1AD993004D96CD /* AuthenticationFormProtocol.swift */ = {isa = PBXFileReference; lastKnownFileType = sourcecode.swift; path = AuthenticationFormProtocol.swift; sourceTree = "<group>"; };
		3F500D072B1AD9C7004D96CD /* AuthError.swift */ = {isa = PBXFileReference; lastKnownFileType = sourcecode.swift; path = AuthError.swift; sourceTree = "<group>"; };
		3F500D092B1ADAE5004D96CD /* FeedViewModel.swift */ = {isa = PBXFileReference; lastKnownFileType = sourcecode.swift; path = FeedViewModel.swift; sourceTree = "<group>"; };
		3F500D0B2B1ADBEF004D96CD /* ActivityFilterView.swift */ = {isa = PBXFileReference; lastKnownFileType = sourcecode.swift; path = ActivityFilterView.swift; sourceTree = "<group>"; };
		3F500D0D2B1ADC18004D96CD /* ActivityRowView.swift */ = {isa = PBXFileReference; lastKnownFileType = sourcecode.swift; path = ActivityRowView.swift; sourceTree = "<group>"; };
		3F500D0F2B1ADC3E004D96CD /* ActivityBadgeView.swift */ = {isa = PBXFileReference; lastKnownFileType = sourcecode.swift; path = ActivityBadgeView.swift; sourceTree = "<group>"; };
		3F500D122B1ADC92004D96CD /* ActivityModel.swift */ = {isa = PBXFileReference; lastKnownFileType = sourcecode.swift; path = ActivityModel.swift; sourceTree = "<group>"; };
		3F500D142B1ADD1E004D96CD /* ActivityType.swift */ = {isa = PBXFileReference; lastKnownFileType = sourcecode.swift; path = ActivityType.swift; sourceTree = "<group>"; };
		3F500D172B1ADDB2004D96CD /* ActivityFilterViewModel.swift */ = {isa = PBXFileReference; lastKnownFileType = sourcecode.swift; path = ActivityFilterViewModel.swift; sourceTree = "<group>"; };
		3F500D192B1ADDD1004D96CD /* ActivityViewModel.swift */ = {isa = PBXFileReference; lastKnownFileType = sourcecode.swift; path = ActivityViewModel.swift; sourceTree = "<group>"; };
		3F500D1C2B1ADE35004D96CD /* ActivityService.swift */ = {isa = PBXFileReference; lastKnownFileType = sourcecode.swift; path = ActivityService.swift; sourceTree = "<group>"; };
		3F500D1E2B1AE185004D96CD /* UserListView.swift */ = {isa = PBXFileReference; lastKnownFileType = sourcecode.swift; path = UserListView.swift; sourceTree = "<group>"; };
		3F500D222B1AE36B004D96CD /* ContentActionButtonView.swift */ = {isa = PBXFileReference; lastKnownFileType = sourcecode.swift; path = ContentActionButtonView.swift; sourceTree = "<group>"; };
		3F500D242B1AE3EB004D96CD /* ContentActionButtonViewModel.swift */ = {isa = PBXFileReference; lastKnownFileType = sourcecode.swift; path = ContentActionButtonViewModel.swift; sourceTree = "<group>"; };
		3F500D272B1AE9CF004D96CD /* SettingsView.swift */ = {isa = PBXFileReference; lastKnownFileType = sourcecode.swift; path = SettingsView.swift; sourceTree = "<group>"; };
		3F500D292B1AE9F5004D96CD /* SettingsOptions.swift */ = {isa = PBXFileReference; lastKnownFileType = sourcecode.swift; path = SettingsOptions.swift; sourceTree = "<group>"; };
		3F7CA1392B25439A00CC1705 /* ReportPopupContentView.swift */ = {isa = PBXFileReference; lastKnownFileType = sourcecode.swift; path = ReportPopupContentView.swift; sourceTree = "<group>"; };
		3F7CA13B2B25451900CC1705 /* ReportPopupView.swift */ = {isa = PBXFileReference; lastKnownFileType = sourcecode.swift; path = ReportPopupView.swift; sourceTree = "<group>"; };
		3F7CA13D2B255E5C00CC1705 /* AboutView.swift */ = {isa = PBXFileReference; lastKnownFileType = sourcecode.swift; path = AboutView.swift; sourceTree = "<group>"; };
		3F7CA13F2B25777D00CC1705 /* PrivacyView.swift */ = {isa = PBXFileReference; lastKnownFileType = sourcecode.swift; path = PrivacyView.swift; sourceTree = "<group>"; };
		3F7CA1422B2582D600CC1705 /* NewGatheringView.swift */ = {isa = PBXFileReference; lastKnownFileType = sourcecode.swift; path = NewGatheringView.swift; sourceTree = "<group>"; };
		3F7CA1462B25835900CC1705 /* NewGatherViewViewModel.swift */ = {isa = PBXFileReference; lastKnownFileType = sourcecode.swift; path = NewGatherViewViewModel.swift; sourceTree = "<group>"; };
		3F7CA1482B25838A00CC1705 /* NGButton.swift */ = {isa = PBXFileReference; lastKnownFileType = sourcecode.swift; path = NGButton.swift; sourceTree = "<group>"; };
		3F7E62D32B19635000B38ECC /* CircularProfileImageView.swift */ = {isa = PBXFileReference; lastKnownFileType = sourcecode.swift; path = CircularProfileImageView.swift; sourceTree = "<group>"; };
		3F7E62D52B1963F500B38ECC /* UserCell.swift */ = {isa = PBXFileReference; lastKnownFileType = sourcecode.swift; path = UserCell.swift; sourceTree = "<group>"; };
		3F7E62D82B19679200B38ECC /* ProfileNoteFilterViewModel.swift */ = {isa = PBXFileReference; lastKnownFileType = sourcecode.swift; path = ProfileNoteFilterViewModel.swift; sourceTree = "<group>"; };
		3F7E62DD2B196E9100B38ECC /* EditProfileView.swift */ = {isa = PBXFileReference; lastKnownFileType = sourcecode.swift; path = EditProfileView.swift; sourceTree = "<group>"; };
		3F7E62E12B19A21900B38ECC /* RegistrationViewModel.swift */ = {isa = PBXFileReference; lastKnownFileType = sourcecode.swift; path = RegistrationViewModel.swift; sourceTree = "<group>"; };
		3F7E62E32B19A74600B38ECC /* AuthService.swift */ = {isa = PBXFileReference; lastKnownFileType = sourcecode.swift; path = AuthService.swift; sourceTree = "<group>"; };
		3F7E62E52B19AB9E00B38ECC /* ContentViewOfficialModel.swift */ = {isa = PBXFileReference; lastKnownFileType = sourcecode.swift; path = ContentViewOfficialModel.swift; sourceTree = "<group>"; };
		3F7E62E72B19B06E00B38ECC /* LoginViewModel.swift */ = {isa = PBXFileReference; lastKnownFileType = sourcecode.swift; path = LoginViewModel.swift; sourceTree = "<group>"; };
		3F7E62E92B19B3A200B38ECC /* User.swift */ = {isa = PBXFileReference; lastKnownFileType = sourcecode.swift; path = User.swift; sourceTree = "<group>"; };
		3F7E62EB2B19B76A00B38ECC /* UserService.swift */ = {isa = PBXFileReference; lastKnownFileType = sourcecode.swift; path = UserService.swift; sourceTree = "<group>"; };
		3F7E62ED2B19B8C500B38ECC /* CurrentUserProfileViewModel.swift */ = {isa = PBXFileReference; lastKnownFileType = sourcecode.swift; path = CurrentUserProfileViewModel.swift; sourceTree = "<group>"; };
		3F7E62F62B19D00600B38ECC /* CurrentUserProfileView.swift */ = {isa = PBXFileReference; lastKnownFileType = sourcecode.swift; path = CurrentUserProfileView.swift; sourceTree = "<group>"; };
		3F7E62FA2B19D3BD00B38ECC /* ProfileHeaderView.swift */ = {isa = PBXFileReference; lastKnownFileType = sourcecode.swift; path = ProfileHeaderView.swift; sourceTree = "<group>"; };
		3FBAC1162B294F4D004769A5 /* AccountDeletionViewModel.swift */ = {isa = PBXFileReference; lastKnownFileType = sourcecode.swift; path = AccountDeletionViewModel.swift; sourceTree = "<group>"; };
		3FBC60762B018594001DB696 /* ProfileView.swift */ = {isa = PBXFileReference; lastKnownFileType = sourcecode.swift; path = ProfileView.swift; sourceTree = "<group>"; };
		B2388E522AF58FC3009B82DE /* SwipeView2.swift */ = {isa = PBXFileReference; lastKnownFileType = sourcecode.swift; path = SwipeView2.swift; sourceTree = "<group>"; };
		B2388E542AF593B2009B82DE /* ContentView2.swift */ = {isa = PBXFileReference; lastKnownFileType = sourcecode.swift; path = ContentView2.swift; sourceTree = "<group>"; };
		B2388E562AFB1095009B82DE /* GoogleService-Info.plist */ = {isa = PBXFileReference; fileEncoding = 4; lastKnownFileType = text.plist.xml; path = "GoogleService-Info.plist"; sourceTree = "<group>"; };
		B2388E5C2B0557FB009B82DE /* SwipeView3.swift */ = {isa = PBXFileReference; lastKnownFileType = sourcecode.swift; path = SwipeView3.swift; sourceTree = "<group>"; };
		B2388E932B060BEA009B82DE /* RequestUserContactsView.swift */ = {isa = PBXFileReference; lastKnownFileType = sourcecode.swift; path = RequestUserContactsView.swift; sourceTree = "<group>"; };
		B2388E952B0626F4009B82DE /* ContactModel.swift */ = {isa = PBXFileReference; lastKnownFileType = sourcecode.swift; path = ContactModel.swift; sourceTree = "<group>"; };
		B2388E982B0639BC009B82DE /* PhoneNumberPickerView.swift */ = {isa = PBXFileReference; lastKnownFileType = sourcecode.swift; path = PhoneNumberPickerView.swift; sourceTree = "<group>"; };
		B2388E9A2B0C2706009B82DE /* UIColor+Hex.swift */ = {isa = PBXFileReference; lastKnownFileType = sourcecode.swift; path = "UIColor+Hex.swift"; sourceTree = "<group>"; };
		B24F15EC2B214D300076DD33 /* YelpApiService.swift */ = {isa = PBXFileReference; lastKnownFileType = sourcecode.swift; path = YelpApiService.swift; sourceTree = "<group>"; };
		B24F15F02B214D5E0076DD33 /* RecommendViewModel.swift */ = {isa = PBXFileReference; lastKnownFileType = sourcecode.swift; path = RecommendViewModel.swift; sourceTree = "<group>"; };
		B24F15F22B214D860076DD33 /* RecommendedRestaurantView.swift */ = {isa = PBXFileReference; lastKnownFileType = sourcecode.swift; path = RecommendedRestaurantView.swift; sourceTree = "<group>"; };
		B24F15F42B214D990076DD33 /* DisplayListofRestaurants.swift */ = {isa = PBXFileReference; lastKnownFileType = sourcecode.swift; path = DisplayListofRestaurants.swift; sourceTree = "<group>"; };
		B24F15F62B23DBAF0076DD33 /* ContactsScreenFunctions.swift */ = {isa = PBXFileReference; lastKnownFileType = sourcecode.swift; path = ContactsScreenFunctions.swift; sourceTree = "<group>"; };
		B2846D662AF55F20009D22DF /* SwipeView.swift */ = {isa = PBXFileReference; lastKnownFileType = sourcecode.swift; path = SwipeView.swift; sourceTree = "<group>"; };
		B2A935002AF181FB006B7AD8 /* TasteBudz.app */ = {isa = PBXFileReference; explicitFileType = wrapper.application; includeInIndex = 0; path = TasteBudz.app; sourceTree = BUILT_PRODUCTS_DIR; };
		B2A935032AF181FB006B7AD8 /* TasteBudzApp.swift */ = {isa = PBXFileReference; lastKnownFileType = sourcecode.swift; path = TasteBudzApp.swift; sourceTree = "<group>"; };
		B2A935052AF181FB006B7AD8 /* ContentView.swift */ = {isa = PBXFileReference; lastKnownFileType = sourcecode.swift; path = ContentView.swift; sourceTree = "<group>"; };
		B2A935072AF181FE006B7AD8 /* Assets.xcassets */ = {isa = PBXFileReference; lastKnownFileType = folder.assetcatalog; path = Assets.xcassets; sourceTree = "<group>"; };
		B2A9350A2AF181FE006B7AD8 /* Preview Assets.xcassets */ = {isa = PBXFileReference; lastKnownFileType = folder.assetcatalog; path = "Preview Assets.xcassets"; sourceTree = "<group>"; };
		B2A935102AF181FE006B7AD8 /* TasteBudzTests.xctest */ = {isa = PBXFileReference; explicitFileType = wrapper.cfbundle; includeInIndex = 0; path = TasteBudzTests.xctest; sourceTree = BUILT_PRODUCTS_DIR; };
		B2A935142AF181FE006B7AD8 /* TasteBudzTests.swift */ = {isa = PBXFileReference; lastKnownFileType = sourcecode.swift; path = TasteBudzTests.swift; sourceTree = "<group>"; };
		B2A9351A2AF181FE006B7AD8 /* TasteBudzUITests.xctest */ = {isa = PBXFileReference; explicitFileType = wrapper.cfbundle; includeInIndex = 0; path = TasteBudzUITests.xctest; sourceTree = BUILT_PRODUCTS_DIR; };
		B2A9351E2AF181FE006B7AD8 /* TasteBudzUITests.swift */ = {isa = PBXFileReference; lastKnownFileType = sourcecode.swift; path = TasteBudzUITests.swift; sourceTree = "<group>"; };
		B2A935202AF181FE006B7AD8 /* TasteBudzUITestsLaunchTests.swift */ = {isa = PBXFileReference; lastKnownFileType = sourcecode.swift; path = TasteBudzUITestsLaunchTests.swift; sourceTree = "<group>"; };
		B2A9354F2AF1A481006B7AD8 /* AppDelegate.swift */ = {isa = PBXFileReference; lastKnownFileType = sourcecode.swift; path = AppDelegate.swift; sourceTree = "<group>"; };
		B2B48A1C2B240C890082076F /* CreateNetwork.swift */ = {isa = PBXFileReference; lastKnownFileType = sourcecode.swift; path = CreateNetwork.swift; sourceTree = "<group>"; };
		B2B48A202B2673540082076F /* NetworkViewTest.swift */ = {isa = PBXFileReference; lastKnownFileType = sourcecode.swift; path = NetworkViewTest.swift; sourceTree = "<group>"; };
		B2B48A392B285C430082076F /* RestDetailRetrieval.swift */ = {isa = PBXFileReference; lastKnownFileType = sourcecode.swift; path = RestDetailRetrieval.swift; sourceTree = "<group>"; };
		B2B48A3D2B285C740082076F /* YelpApiDetailsTestView.swift */ = {isa = PBXFileReference; lastKnownFileType = sourcecode.swift; path = YelpApiDetailsTestView.swift; sourceTree = "<group>"; };
/* End PBXFileReference section */

/* Begin PBXFrameworksBuildPhase section */
		B2A934FD2AF181FB006B7AD8 /* Frameworks */ = {
			isa = PBXFrameworksBuildPhase;
			buildActionMask = 2147483647;
			files = (
				B2A9354A2AF183C0006B7AD8 /* FirebaseMessaging in Frameworks */,
				B2A935482AF183C0006B7AD8 /* FirebaseInAppMessagingSwift-Beta in Frameworks */,
				B2A935382AF183C0006B7AD8 /* FirebaseAnalyticsSwift in Frameworks */,
				B2A9353E2AF183C0006B7AD8 /* FirebaseAuth in Frameworks */,
				B2A935342AF183C0006B7AD8 /* FirebaseAnalytics in Frameworks */,
				B2A935362AF183C0006B7AD8 /* FirebaseAnalyticsOnDeviceConversion in Frameworks */,
				B2A9353C2AF183C0006B7AD8 /* FirebaseAppCheck in Frameworks */,
				B2A935422AF183C0006B7AD8 /* FirebaseFirestore in Frameworks */,
				B2A935402AF183C0006B7AD8 /* FirebaseDatabase in Frameworks */,
				3F500D2D2B1AEEF6004D96CD /* Kingfisher in Frameworks */,
				B2A9353A2AF183C0006B7AD8 /* FirebaseAnalyticsWithoutAdIdSupport in Frameworks */,
				B2A9354C2AF183C0006B7AD8 /* FirebasePerformance in Frameworks */,
				B2A9354E2AF183C0006B7AD8 /* FirebaseStorage in Frameworks */,
				B2A935442AF183C0006B7AD8 /* FirebaseFirestoreSwift in Frameworks */,
				B2A935462AF183C0006B7AD8 /* FirebaseInAppMessaging-Beta in Frameworks */,
			);
			runOnlyForDeploymentPostprocessing = 0;
		};
		B2A9350D2AF181FE006B7AD8 /* Frameworks */ = {
			isa = PBXFrameworksBuildPhase;
			buildActionMask = 2147483647;
			files = (
			);
			runOnlyForDeploymentPostprocessing = 0;
		};
		B2A935172AF181FE006B7AD8 /* Frameworks */ = {
			isa = PBXFrameworksBuildPhase;
			buildActionMask = 2147483647;
			files = (
			);
			runOnlyForDeploymentPostprocessing = 0;
		};
/* End PBXFrameworksBuildPhase section */

/* Begin PBXGroup section */
		3F40AA322B181091006DD8FA /* Services */ = {
			isa = PBXGroup;
			children = (
				3F7E62EB2B19B76A00B38ECC /* UserService.swift */,
				3F500CC22B1AA136004D96CD /* NoteService.swift */,
				3F500CC42B1AA2EB004D96CD /* ImageUploader.swift */,
			);
			path = Services;
			sourceTree = "<group>";
		};
		3F40AA352B1810E3006DD8FA /* Utils */ = {
			isa = PBXGroup;
			children = (
				3F500CC72B1AA31A004D96CD /* UtilsConstants */,
				3F40AA3F2B181968006DD8FA /* ViewModifiers */,
			);
			path = Utils;
			sourceTree = "<group>";
		};
		3F40AA362B18112A006DD8FA /* Authentication */ = {
			isa = PBXGroup;
			children = (
				3F500D062B1AD9B5004D96CD /* Model */,
				3F500D032B1AD987004D96CD /* Protocols */,
				3F7E62E02B19A1F800B38ECC /* Service */,
				3F7E62DF2B19A1EA00B38ECC /* ViewModel */,
				3F40AA3A2B181184006DD8FA /* Views */,
			);
			path = Authentication;
			sourceTree = "<group>";
		};
		3F40AA372B181134006DD8FA /* Root */ = {
			isa = PBXGroup;
			children = (
				3F40AA382B18115E006DD8FA /* ContentViewOfficial.swift */,
				3F7E62E52B19AB9E00B38ECC /* ContentViewOfficialModel.swift */,
			);
			path = Root;
			sourceTree = "<group>";
		};
		3F40AA3A2B181184006DD8FA /* Views */ = {
			isa = PBXGroup;
			children = (
				3F40AA3B2B18119F006DD8FA /* LoginView.swift */,
				3F40AA3D2B1817DD006DD8FA /* RegistrationView.swift */,
				3F500CFF2B1AD8AB004D96CD /* ForgotPasswordView.swift */,
			);
			path = Views;
			sourceTree = "<group>";
		};
		3F40AA3F2B181968006DD8FA /* ViewModifiers */ = {
			isa = PBXGroup;
			children = (
				3F40AA402B18198D006DD8FA /* NotesTextFieldModifier.swift */,
				3F500CCB2B1AA386004D96CD /* NotesButtonModifier.swift */,
			);
			path = ViewModifiers;
			sourceTree = "<group>";
		};
		3F40AA422B18331F006DD8FA /* TabBar */ = {
			isa = PBXGroup;
			children = (
				3F40AA452B18336A006DD8FA /* NotesTabView.swift */,
			);
			path = TabBar;
			sourceTree = "<group>";
		};
		3F40AA472B18369D006DD8FA /* Feed */ = {
			isa = PBXGroup;
			children = (
				3F40AA482B1836A4006DD8FA /* View */,
			);
			path = Feed;
			sourceTree = "<group>";
		};
		3F40AA482B1836A4006DD8FA /* View */ = {
			isa = PBXGroup;
			children = (
				3F40AA492B1836B7006DD8FA /* FeedView.swift */,
				3F40AA592B183EB5006DD8FA /* NoteCell.swift */,
				3F500D092B1ADAE5004D96CD /* FeedViewModel.swift */,
			);
			path = View;
			sourceTree = "<group>";
		};
		3F40AA4B2B183714006DD8FA /* Explore */ = {
			isa = PBXGroup;
			children = (
				3F500CE32B1AC20A004D96CD /* ViewModel */,
				3F40AA4C2B18371F006DD8FA /* View */,
			);
			path = Explore;
			sourceTree = "<group>";
		};
		3F40AA4C2B18371F006DD8FA /* View */ = {
			isa = PBXGroup;
			children = (
				3F40AA4D2B183737006DD8FA /* ExploreView.swift */,
			);
			path = View;
			sourceTree = "<group>";
		};
		3F40AA4F2B183771006DD8FA /* NoteCreation */ = {
			isa = PBXGroup;
			children = (
				3F500CEE2B1AC702004D96CD /* ViewModel */,
				3F40AA502B18377B006DD8FA /* View */,
			);
			path = NoteCreation;
			sourceTree = "<group>";
		};
		3F40AA502B18377B006DD8FA /* View */ = {
			isa = PBXGroup;
			children = (
				3F40AA512B183797006DD8FA /* CreateNoteView.swift */,
				3F500CE62B1AC33B004D96CD /* CreateNoteDummyView.swift */,
			);
			path = View;
			sourceTree = "<group>";
		};
		3F40AA532B1837C2006DD8FA /* Activity */ = {
			isa = PBXGroup;
			children = (
				3F500D1B2B1ADE22004D96CD /* Service */,
				3F500D162B1ADD76004D96CD /* ViewModel */,
				3F500D112B1ADC64004D96CD /* Model */,
				3F40AA542B1837C8006DD8FA /* View */,
			);
			path = Activity;
			sourceTree = "<group>";
		};
		3F40AA542B1837C8006DD8FA /* View */ = {
			isa = PBXGroup;
			children = (
				3F40AA552B1837E9006DD8FA /* ActivityView.swift */,
				3F500D0B2B1ADBEF004D96CD /* ActivityFilterView.swift */,
				3F500D0D2B1ADC18004D96CD /* ActivityRowView.swift */,
				3F500D0F2B1ADC3E004D96CD /* ActivityBadgeView.swift */,
			);
			path = View;
			sourceTree = "<group>";
		};
		3F40AA582B183C7B006DD8FA /* GatherModels */ = {
			isa = PBXGroup;
			children = (
				3F7E62E92B19B3A200B38ECC /* User.swift */,
				3F500CBE2B1A9F7A004D96CD /* Note.swift */,
				3F500CC02B1A9FB8004D96CD /* NoteReply.swift */,
			);
			path = GatherModels;
			sourceTree = "<group>";
		};
		3F500CB72B1A9EE0004D96CD /* Extensions */ = {
			isa = PBXGroup;
			children = (
				3F500CB82B1A9EF6004D96CD /* PreviewProvider.swift */,
				3F500CBA2B1A9F1B004D96CD /* Color.swift */,
				3F500CBC2B1A9F3D004D96CD /* String.swift */,
				3F500CCD2B1AA45E004D96CD /* Timestamp.swift */,
			);
			path = Extensions;
			sourceTree = "<group>";
		};
		3F500CC72B1AA31A004D96CD /* UtilsConstants */ = {
			isa = PBXGroup;
			children = (
				3F500CC82B1AA341004D96CD /* FirestoreConstants.swift */,
			);
			path = UtilsConstants;
			sourceTree = "<group>";
		};
		3F500CD92B1AC10F004D96CD /* UserRelations */ = {
			isa = PBXGroup;
			children = (
				3F500CDC2B1AC129004D96CD /* Model */,
				3F500CDB2B1AC122004D96CD /* View */,
				3F500CDA2B1AC11B004D96CD /* ViewModel */,
			);
			path = UserRelations;
			sourceTree = "<group>";
		};
		3F500CDA2B1AC11B004D96CD /* ViewModel */ = {
			isa = PBXGroup;
			children = (
				3F500CE12B1AC197004D96CD /* UserRelationsViewModel.swift */,
			);
			path = ViewModel;
			sourceTree = "<group>";
		};
		3F500CDB2B1AC122004D96CD /* View */ = {
			isa = PBXGroup;
			children = (
				3F500CDF2B1AC16D004D96CD /* UserRelationsView.swift */,
			);
			path = View;
			sourceTree = "<group>";
		};
		3F500CDC2B1AC129004D96CD /* Model */ = {
			isa = PBXGroup;
			children = (
				3F500CDD2B1AC148004D96CD /* UserRelationType.swift */,
			);
			path = Model;
			sourceTree = "<group>";
		};
		3F500CE32B1AC20A004D96CD /* ViewModel */ = {
			isa = PBXGroup;
			children = (
				3F500CE42B1AC24A004D96CD /* ExploreViewModel.swift */,
			);
			path = ViewModel;
			sourceTree = "<group>";
		};
		3F500CE92B1AC4AC004D96CD /* NoteDetails */ = {
			isa = PBXGroup;
			children = (
				3F500CEA2B1AC4D5004D96CD /* NoteDetailsView.swift */,
				3F500CEC2B1AC5D6004D96CD /* NoteDetailsViewModel.swift */,
			);
			path = NoteDetails;
			sourceTree = "<group>";
		};
		3F500CEE2B1AC702004D96CD /* ViewModel */ = {
			isa = PBXGroup;
			children = (
				3F500CEF2B1AC717004D96CD /* CreateNoteViewModel.swift */,
			);
			path = ViewModel;
			sourceTree = "<group>";
		};
		3F500CF42B1AD18E004D96CD /* NoteActionSheet */ = {
			isa = PBXGroup;
			children = (
				3F500CF52B1AD1EF004D96CD /* NoteActionSheetView.swift */,
				3F500CF72B1AD2F7004D96CD /* NoteActionSheetOptions.swift */,
			);
			path = NoteActionSheet;
			sourceTree = "<group>";
		};
		3F500CFA2B1AD64D004D96CD /* NoteReplies */ = {
			isa = PBXGroup;
			children = (
				3F500CFB2B1AD67F004D96CD /* NoteReplyView.swift */,
				3F500CFD2B1AD73F004D96CD /* NoteReplyViewModel.swift */,
			);
			path = NoteReplies;
			sourceTree = "<group>";
		};
		3F500D032B1AD987004D96CD /* Protocols */ = {
			isa = PBXGroup;
			children = (
				3F500D042B1AD993004D96CD /* AuthenticationFormProtocol.swift */,
			);
			path = Protocols;
			sourceTree = "<group>";
		};
		3F500D062B1AD9B5004D96CD /* Model */ = {
			isa = PBXGroup;
			children = (
				3F500D072B1AD9C7004D96CD /* AuthError.swift */,
			);
			path = Model;
			sourceTree = "<group>";
		};
		3F500D112B1ADC64004D96CD /* Model */ = {
			isa = PBXGroup;
			children = (
				3F500D122B1ADC92004D96CD /* ActivityModel.swift */,
				3F500D142B1ADD1E004D96CD /* ActivityType.swift */,
			);
			path = Model;
			sourceTree = "<group>";
		};
		3F500D162B1ADD76004D96CD /* ViewModel */ = {
			isa = PBXGroup;
			children = (
				3F500D172B1ADDB2004D96CD /* ActivityFilterViewModel.swift */,
				3F500D192B1ADDD1004D96CD /* ActivityViewModel.swift */,
			);
			path = ViewModel;
			sourceTree = "<group>";
		};
		3F500D1B2B1ADE22004D96CD /* Service */ = {
			isa = PBXGroup;
			children = (
				3F500D1C2B1ADE35004D96CD /* ActivityService.swift */,
			);
			path = Service;
			sourceTree = "<group>";
		};
		3F500D212B1AE342004D96CD /* Notes */ = {
			isa = PBXGroup;
			children = (
				3F500D222B1AE36B004D96CD /* ContentActionButtonView.swift */,
				3F500D242B1AE3EB004D96CD /* ContentActionButtonViewModel.swift */,
			);
			path = Notes;
			sourceTree = "<group>";
		};
		3F500D262B1AE9BD004D96CD /* Settings */ = {
			isa = PBXGroup;
			children = (
				3F500D272B1AE9CF004D96CD /* SettingsView.swift */,
				3F500D292B1AE9F5004D96CD /* SettingsOptions.swift */,
				3F7CA13D2B255E5C00CC1705 /* AboutView.swift */,
				3F7CA13F2B25777D00CC1705 /* PrivacyView.swift */,
				3F7CA13B2B25451900CC1705 /* ReportPopupView.swift */,
				3F7CA1392B25439A00CC1705 /* ReportPopupContentView.swift */,
			);
			path = Settings;
			sourceTree = "<group>";
		};
		3F7CA1412B2582BF00CC1705 /* Gatherings */ = {
			isa = PBXGroup;
			children = (
				3F7CA1422B2582D600CC1705 /* NewGatheringView.swift */,
				3F7CA1462B25835900CC1705 /* NewGatherViewViewModel.swift */,
				3F7CA1482B25838A00CC1705 /* NGButton.swift */,
			);
			path = Gatherings;
			sourceTree = "<group>";
		};
		3F7E62D22B19632900B38ECC /* Users */ = {
			isa = PBXGroup;
			children = (
				3F7E62D32B19635000B38ECC /* CircularProfileImageView.swift */,
				3F7E62D52B1963F500B38ECC /* UserCell.swift */,
				3F500D1E2B1AE185004D96CD /* UserListView.swift */,
			);
			path = Users;
			sourceTree = "<group>";
		};
		3F7E62D72B19677300B38ECC /* Model */ = {
			isa = PBXGroup;
			children = (
				3F7E62D82B19679200B38ECC /* ProfileNoteFilterViewModel.swift */,
			);
			path = Model;
			sourceTree = "<group>";
		};
		3F7E62DB2B196E4700B38ECC /* EditProfile */ = {
			isa = PBXGroup;
			children = (
				3F7E62DC2B196E7800B38ECC /* View */,
			);
			path = EditProfile;
			sourceTree = "<group>";
		};
		3F7E62DC2B196E7800B38ECC /* View */ = {
			isa = PBXGroup;
			children = (
				3F7E62DD2B196E9100B38ECC /* EditProfileView.swift */,
			);
			path = View;
			sourceTree = "<group>";
		};
		3F7E62DF2B19A1EA00B38ECC /* ViewModel */ = {
			isa = PBXGroup;
			children = (
				3F7E62E12B19A21900B38ECC /* RegistrationViewModel.swift */,
				3F7E62E72B19B06E00B38ECC /* LoginViewModel.swift */,
				3F500D012B1AD919004D96CD /* ForgotPasswordViewModel.swift */,
				3FBAC1162B294F4D004769A5 /* AccountDeletionViewModel.swift */,
			);
			path = ViewModel;
			sourceTree = "<group>";
		};
		3F7E62E02B19A1F800B38ECC /* Service */ = {
			isa = PBXGroup;
			children = (
				3F7E62E32B19A74600B38ECC /* AuthService.swift */,
			);
			path = Service;
			sourceTree = "<group>";
		};
		3F7E62F42B19CFCC00B38ECC /* CurrentUserProfile */ = {
			isa = PBXGroup;
			children = (
				3F7E62F82B19D06200B38ECC /* ViewModel */,
				3F7E62F52B19CFED00B38ECC /* View */,
			);
			path = CurrentUserProfile;
			sourceTree = "<group>";
		};
		3F7E62F52B19CFED00B38ECC /* View */ = {
			isa = PBXGroup;
			children = (
				3F7E62F62B19D00600B38ECC /* CurrentUserProfileView.swift */,
				3F500CCF2B1AAE12004D96CD /* CurrentUserProfileContentVIew.swift */,
			);
			path = View;
			sourceTree = "<group>";
		};
		3F7E62F82B19D06200B38ECC /* ViewModel */ = {
			isa = PBXGroup;
			children = (
				3F7E62ED2B19B8C500B38ECC /* CurrentUserProfileViewModel.swift */,
			);
			path = ViewModel;
			sourceTree = "<group>";
		};
		3F7E62F92B19D3A000B38ECC /* Components */ = {
			isa = PBXGroup;
			children = (
				3F7E62FA2B19D3BD00B38ECC /* ProfileHeaderView.swift */,
				3F500CD12B1AAF0E004D96CD /* NoteReplyCell.swift */,
				3F500CD32B1AAFE9004D96CD /* UserContentListView.swift */,
				3F500CD52B1AB0A6004D96CD /* UserContentListViewModel.swift */,
			);
			path = Components;
			sourceTree = "<group>";
		};
		3FBC60632B018372001DB696 /* Profile */ = {
			isa = PBXGroup;
			children = (
				3F500CD92B1AC10F004D96CD /* UserRelations */,
				3F7E62F92B19D3A000B38ECC /* Components */,
				3F7E62F42B19CFCC00B38ECC /* CurrentUserProfile */,
				3F7E62DB2B196E4700B38ECC /* EditProfile */,
				3F7E62D72B19677300B38ECC /* Model */,
				3FBC60762B018594001DB696 /* ProfileView.swift */,
				3F500CD72B1AC06E004D96CD /* UserProfileViewModel.swift */,
			);
			path = Profile;
			sourceTree = "<group>";
		};
		3FBC60642B01837B001DB696 /* Core */ = {
			isa = PBXGroup;
			children = (
				3F7CA1412B2582BF00CC1705 /* Gatherings */,
				3F500D262B1AE9BD004D96CD /* Settings */,
				3F500D212B1AE342004D96CD /* Notes */,
				3F500CFA2B1AD64D004D96CD /* NoteReplies */,
				3F500CF42B1AD18E004D96CD /* NoteActionSheet */,
				3F7E62D22B19632900B38ECC /* Users */,
				3F40AA532B1837C2006DD8FA /* Activity */,
				3F500CE92B1AC4AC004D96CD /* NoteDetails */,
				3F40AA4F2B183771006DD8FA /* NoteCreation */,
				3F40AA4B2B183714006DD8FA /* Explore */,
				3F40AA472B18369D006DD8FA /* Feed */,
				3F40AA422B18331F006DD8FA /* TabBar */,
				3F40AA372B181134006DD8FA /* Root */,
				3F40AA362B18112A006DD8FA /* Authentication */,
			);
			path = Core;
			sourceTree = "<group>";
		};
		B2388E5B2B055783009B82DE /* SwipeUIView */ = {
			isa = PBXGroup;
			children = (
				B2388E5C2B0557FB009B82DE /* SwipeView3.swift */,
				B2846D662AF55F20009D22DF /* SwipeView.swift */,
				B2388E522AF58FC3009B82DE /* SwipeView2.swift */,
				B2B48A1C2B240C890082076F /* CreateNetwork.swift */,
				B2B48A202B2673540082076F /* NetworkViewTest.swift */,
				B2B48A392B285C430082076F /* RestDetailRetrieval.swift */,
				B2B48A3D2B285C740082076F /* YelpApiDetailsTestView.swift */,
			);
			path = SwipeUIView;
			sourceTree = "<group>";
		};
		B2388E972B063983009B82DE /* ContactsScreen */ = {
			isa = PBXGroup;
			children = (
				B2388E982B0639BC009B82DE /* PhoneNumberPickerView.swift */,
				B2388E952B0626F4009B82DE /* ContactModel.swift */,
				B2388E932B060BEA009B82DE /* RequestUserContactsView.swift */,
				B24F15F62B23DBAF0076DD33 /* ContactsScreenFunctions.swift */,
			);
			path = ContactsScreen;
			sourceTree = "<group>";
		};
		B24F15EB2B214D120076DD33 /* RecommendRestaurants */ = {
			isa = PBXGroup;
			children = (
				B24F15EC2B214D300076DD33 /* YelpApiService.swift */,
				B24F15F22B214D860076DD33 /* RecommendedRestaurantView.swift */,
				B24F15F02B214D5E0076DD33 /* RecommendViewModel.swift */,
				B24F15F42B214D990076DD33 /* DisplayListofRestaurants.swift */,
			);
			path = RecommendRestaurants;
			sourceTree = "<group>";
		};
		B2A934F72AF181FB006B7AD8 = {
			isa = PBXGroup;
			children = (
				B2388E9A2B0C2706009B82DE /* UIColor+Hex.swift */,
				B2A935022AF181FB006B7AD8 /* TasteBudz */,
				B2A935132AF181FE006B7AD8 /* TasteBudzTests */,
				B2A9351D2AF181FE006B7AD8 /* TasteBudzUITests */,
				B2A935012AF181FB006B7AD8 /* Products */,
			);
			sourceTree = "<group>";
		};
		B2A935012AF181FB006B7AD8 /* Products */ = {
			isa = PBXGroup;
			children = (
				B2A935002AF181FB006B7AD8 /* TasteBudz.app */,
				B2A935102AF181FE006B7AD8 /* TasteBudzTests.xctest */,
				B2A9351A2AF181FE006B7AD8 /* TasteBudzUITests.xctest */,
			);
			name = Products;
			sourceTree = "<group>";
		};
		B2A935022AF181FB006B7AD8 /* TasteBudz */ = {
			isa = PBXGroup;
			children = (
				B24F15EB2B214D120076DD33 /* RecommendRestaurants */,
				3F500CB72B1A9EE0004D96CD /* Extensions */,
				3F40AA582B183C7B006DD8FA /* GatherModels */,
				3F40AA352B1810E3006DD8FA /* Utils */,
				3F40AA322B181091006DD8FA /* Services */,
				B2388E972B063983009B82DE /* ContactsScreen */,
				B2388E5B2B055783009B82DE /* SwipeUIView */,
				3FBC60642B01837B001DB696 /* Core */,
				3FBC60632B018372001DB696 /* Profile */,
				B2388E562AFB1095009B82DE /* GoogleService-Info.plist */,
				B2A935032AF181FB006B7AD8 /* TasteBudzApp.swift */,
				B2A9354F2AF1A481006B7AD8 /* AppDelegate.swift */,
				B2A935052AF181FB006B7AD8 /* ContentView.swift */,
				B2388E542AF593B2009B82DE /* ContentView2.swift */,
				B2A935072AF181FE006B7AD8 /* Assets.xcassets */,
				B2A935092AF181FE006B7AD8 /* Preview Content */,
			);
			path = TasteBudz;
			sourceTree = "<group>";
		};
		B2A935092AF181FE006B7AD8 /* Preview Content */ = {
			isa = PBXGroup;
			children = (
				B2A9350A2AF181FE006B7AD8 /* Preview Assets.xcassets */,
			);
			path = "Preview Content";
			sourceTree = "<group>";
		};
		B2A935132AF181FE006B7AD8 /* TasteBudzTests */ = {
			isa = PBXGroup;
			children = (
				B2A935142AF181FE006B7AD8 /* TasteBudzTests.swift */,
			);
			path = TasteBudzTests;
			sourceTree = "<group>";
		};
		B2A9351D2AF181FE006B7AD8 /* TasteBudzUITests */ = {
			isa = PBXGroup;
			children = (
				B2A9351E2AF181FE006B7AD8 /* TasteBudzUITests.swift */,
				B2A935202AF181FE006B7AD8 /* TasteBudzUITestsLaunchTests.swift */,
			);
			path = TasteBudzUITests;
			sourceTree = "<group>";
		};
/* End PBXGroup section */

/* Begin PBXNativeTarget section */
		B2A934FF2AF181FB006B7AD8 /* TasteBudz */ = {
			isa = PBXNativeTarget;
			buildConfigurationList = B2A935242AF181FE006B7AD8 /* Build configuration list for PBXNativeTarget "TasteBudz" */;
			buildPhases = (
				B2A934FC2AF181FB006B7AD8 /* Sources */,
				B2A934FD2AF181FB006B7AD8 /* Frameworks */,
				B2A934FE2AF181FB006B7AD8 /* Resources */,
			);
			buildRules = (
			);
			dependencies = (
			);
			name = TasteBudz;
			packageProductDependencies = (
				B2A935332AF183C0006B7AD8 /* FirebaseAnalytics */,
				B2A935352AF183C0006B7AD8 /* FirebaseAnalyticsOnDeviceConversion */,
				B2A935372AF183C0006B7AD8 /* FirebaseAnalyticsSwift */,
				B2A935392AF183C0006B7AD8 /* FirebaseAnalyticsWithoutAdIdSupport */,
				B2A9353B2AF183C0006B7AD8 /* FirebaseAppCheck */,
				B2A9353D2AF183C0006B7AD8 /* FirebaseAuth */,
				B2A9353F2AF183C0006B7AD8 /* FirebaseDatabase */,
				B2A935412AF183C0006B7AD8 /* FirebaseFirestore */,
				B2A935432AF183C0006B7AD8 /* FirebaseFirestoreSwift */,
				B2A935452AF183C0006B7AD8 /* FirebaseInAppMessaging-Beta */,
				B2A935472AF183C0006B7AD8 /* FirebaseInAppMessagingSwift-Beta */,
				B2A935492AF183C0006B7AD8 /* FirebaseMessaging */,
				B2A9354B2AF183C0006B7AD8 /* FirebasePerformance */,
				B2A9354D2AF183C0006B7AD8 /* FirebaseStorage */,
				3F500D2C2B1AEEF6004D96CD /* Kingfisher */,
			);
			productName = TasteBudz;
			productReference = B2A935002AF181FB006B7AD8 /* TasteBudz.app */;
			productType = "com.apple.product-type.application";
		};
		B2A9350F2AF181FE006B7AD8 /* TasteBudzTests */ = {
			isa = PBXNativeTarget;
			buildConfigurationList = B2A935272AF181FE006B7AD8 /* Build configuration list for PBXNativeTarget "TasteBudzTests" */;
			buildPhases = (
				B2A9350C2AF181FE006B7AD8 /* Sources */,
				B2A9350D2AF181FE006B7AD8 /* Frameworks */,
				B2A9350E2AF181FE006B7AD8 /* Resources */,
			);
			buildRules = (
			);
			dependencies = (
				B2A935122AF181FE006B7AD8 /* PBXTargetDependency */,
			);
			name = TasteBudzTests;
			productName = TasteBudzTests;
			productReference = B2A935102AF181FE006B7AD8 /* TasteBudzTests.xctest */;
			productType = "com.apple.product-type.bundle.unit-test";
		};
		B2A935192AF181FE006B7AD8 /* TasteBudzUITests */ = {
			isa = PBXNativeTarget;
			buildConfigurationList = B2A9352A2AF181FE006B7AD8 /* Build configuration list for PBXNativeTarget "TasteBudzUITests" */;
			buildPhases = (
				B2A935162AF181FE006B7AD8 /* Sources */,
				B2A935172AF181FE006B7AD8 /* Frameworks */,
				B2A935182AF181FE006B7AD8 /* Resources */,
			);
			buildRules = (
			);
			dependencies = (
				B2A9351C2AF181FE006B7AD8 /* PBXTargetDependency */,
			);
			name = TasteBudzUITests;
			productName = TasteBudzUITests;
			productReference = B2A9351A2AF181FE006B7AD8 /* TasteBudzUITests.xctest */;
			productType = "com.apple.product-type.bundle.ui-testing";
		};
/* End PBXNativeTarget section */

/* Begin PBXProject section */
		B2A934F82AF181FB006B7AD8 /* Project object */ = {
			isa = PBXProject;
			attributes = {
				BuildIndependentTargetsInParallel = 1;
				LastSwiftUpdateCheck = 1500;
				LastUpgradeCheck = 1500;
				TargetAttributes = {
					B2A934FF2AF181FB006B7AD8 = {
						CreatedOnToolsVersion = 15.0;
					};
					B2A9350F2AF181FE006B7AD8 = {
						CreatedOnToolsVersion = 15.0;
						TestTargetID = B2A934FF2AF181FB006B7AD8;
					};
					B2A935192AF181FE006B7AD8 = {
						CreatedOnToolsVersion = 15.0;
						TestTargetID = B2A934FF2AF181FB006B7AD8;
					};
				};
			};
			buildConfigurationList = B2A934FB2AF181FB006B7AD8 /* Build configuration list for PBXProject "TasteBudz" */;
			compatibilityVersion = "Xcode 14.0";
			developmentRegion = en;
			hasScannedForEncodings = 0;
			knownRegions = (
				en,
				Base,
			);
			mainGroup = B2A934F72AF181FB006B7AD8;
			packageReferences = (
				B2A935322AF183C0006B7AD8 /* XCRemoteSwiftPackageReference "firebase-ios-sdk" */,
				3F500D2B2B1AEEF6004D96CD /* XCRemoteSwiftPackageReference "Kingfisher" */,
			);
			productRefGroup = B2A935012AF181FB006B7AD8 /* Products */;
			projectDirPath = "";
			projectRoot = "";
			targets = (
				B2A934FF2AF181FB006B7AD8 /* TasteBudz */,
				B2A9350F2AF181FE006B7AD8 /* TasteBudzTests */,
				B2A935192AF181FE006B7AD8 /* TasteBudzUITests */,
			);
		};
/* End PBXProject section */

/* Begin PBXResourcesBuildPhase section */
		B2A934FE2AF181FB006B7AD8 /* Resources */ = {
			isa = PBXResourcesBuildPhase;
			buildActionMask = 2147483647;
			files = (
				B2A9350B2AF181FE006B7AD8 /* Preview Assets.xcassets in Resources */,
				B2A935082AF181FE006B7AD8 /* Assets.xcassets in Resources */,
				B2388E572AFB1095009B82DE /* GoogleService-Info.plist in Resources */,
			);
			runOnlyForDeploymentPostprocessing = 0;
		};
		B2A9350E2AF181FE006B7AD8 /* Resources */ = {
			isa = PBXResourcesBuildPhase;
			buildActionMask = 2147483647;
			files = (
			);
			runOnlyForDeploymentPostprocessing = 0;
		};
		B2A935182AF181FE006B7AD8 /* Resources */ = {
			isa = PBXResourcesBuildPhase;
			buildActionMask = 2147483647;
			files = (
			);
			runOnlyForDeploymentPostprocessing = 0;
		};
/* End PBXResourcesBuildPhase section */

/* Begin PBXSourcesBuildPhase section */
		B2A934FC2AF181FB006B7AD8 /* Sources */ = {
			isa = PBXSourcesBuildPhase;
			buildActionMask = 2147483647;
			files = (
				3FBAC1172B294F4D004769A5 /* AccountDeletionViewModel.swift in Sources */,
				B2B48A1D2B240C890082076F /* CreateNetwork.swift in Sources */,
				B2388E532AF58FC3009B82DE /* SwipeView2.swift in Sources */,
				3F40AA392B18115E006DD8FA /* ContentViewOfficial.swift in Sources */,
				B2A935502AF1A481006B7AD8 /* AppDelegate.swift in Sources */,
				3F40AA3C2B18119F006DD8FA /* LoginView.swift in Sources */,
				B24F15F72B23DBAF0076DD33 /* ContactsScreenFunctions.swift in Sources */,
				B24F15F52B214D990076DD33 /* DisplayListofRestaurants.swift in Sources */,
				3F7E62EA2B19B3A200B38ECC /* User.swift in Sources */,
				3F500D132B1ADC92004D96CD /* ActivityModel.swift in Sources */,
				3F500D102B1ADC3E004D96CD /* ActivityBadgeView.swift in Sources */,
				3F500D0C2B1ADBEF004D96CD /* ActivityFilterView.swift in Sources */,
				3F500D052B1AD993004D96CD /* AuthenticationFormProtocol.swift in Sources */,
				3F7E62D42B19635000B38ECC /* CircularProfileImageView.swift in Sources */,
				3F500D1D2B1ADE35004D96CD /* ActivityService.swift in Sources */,
				3F500D282B1AE9CF004D96CD /* SettingsView.swift in Sources */,
				B2388E962B0626F4009B82DE /* ContactModel.swift in Sources */,
				B2A935062AF181FB006B7AD8 /* ContentView.swift in Sources */,
				3F500D022B1AD919004D96CD /* ForgotPasswordViewModel.swift in Sources */,
				3F500CF82B1AD2F7004D96CD /* NoteActionSheetOptions.swift in Sources */,
				3F500D0E2B1ADC18004D96CD /* ActivityRowView.swift in Sources */,
				B2388E552AF593B2009B82DE /* ContentView2.swift in Sources */,
				3F7E62E82B19B06E00B38ECC /* LoginViewModel.swift in Sources */,
				3F7E62D62B1963F500B38ECC /* UserCell.swift in Sources */,
				3F500CF62B1AD1EF004D96CD /* NoteActionSheetView.swift in Sources */,
				3F500CBB2B1A9F1B004D96CD /* Color.swift in Sources */,
				3F7CA13E2B255E5C00CC1705 /* AboutView.swift in Sources */,
				3F500CDE2B1AC148004D96CD /* UserRelationType.swift in Sources */,
				3F500CC52B1AA2EB004D96CD /* ImageUploader.swift in Sources */,
				3F500D0A2B1ADAE5004D96CD /* FeedViewModel.swift in Sources */,
				B2388E5D2B0557FB009B82DE /* SwipeView3.swift in Sources */,
				3F500CD02B1AAE12004D96CD /* CurrentUserProfileContentVIew.swift in Sources */,
				3F500CCE2B1AA45E004D96CD /* Timestamp.swift in Sources */,
				3F500D182B1ADDB2004D96CD /* ActivityFilterViewModel.swift in Sources */,
				3F500D2A2B1AE9F5004D96CD /* SettingsOptions.swift in Sources */,
				3F7E62E22B19A21900B38ECC /* RegistrationViewModel.swift in Sources */,
				3F40AA522B183797006DD8FA /* CreateNoteView.swift in Sources */,
				3F40AA412B18198E006DD8FA /* NotesTextFieldModifier.swift in Sources */,
				3F500CF02B1AC717004D96CD /* CreateNoteViewModel.swift in Sources */,
				B2388E942B060BEA009B82DE /* RequestUserContactsView.swift in Sources */,
				3F40AA562B1837E9006DD8FA /* ActivityView.swift in Sources */,
				3F7E62F72B19D00600B38ECC /* CurrentUserProfileView.swift in Sources */,
				3F500CEB2B1AC4D5004D96CD /* NoteDetailsView.swift in Sources */,
				B2B48A3A2B285C430082076F /* RestDetailRetrieval.swift in Sources */,
				3F500D252B1AE3EB004D96CD /* ContentActionButtonViewModel.swift in Sources */,
				B24F15F12B214D5E0076DD33 /* RecommendViewModel.swift in Sources */,
				3F40AA4A2B1836B7006DD8FA /* FeedView.swift in Sources */,
				3F500CE52B1AC24A004D96CD /* ExploreViewModel.swift in Sources */,
				3F500CFE2B1AD73F004D96CD /* NoteReplyViewModel.swift in Sources */,
				3F500CD42B1AAFE9004D96CD /* UserContentListView.swift in Sources */,
				3F7E62EE2B19B8C500B38ECC /* CurrentUserProfileViewModel.swift in Sources */,
				3F500D232B1AE36B004D96CD /* ContentActionButtonView.swift in Sources */,
				3F40AA5A2B183EB5006DD8FA /* NoteCell.swift in Sources */,
				3F500CE22B1AC197004D96CD /* UserRelationsViewModel.swift in Sources */,
				3F500CC92B1AA341004D96CD /* FirestoreConstants.swift in Sources */,
				3F40AA3E2B1817DD006DD8FA /* RegistrationView.swift in Sources */,
				B2846D672AF55F20009D22DF /* SwipeView.swift in Sources */,
				3F500CD62B1AB0A6004D96CD /* UserContentListViewModel.swift in Sources */,
				3F7CA1432B2582D600CC1705 /* NewGatheringView.swift in Sources */,
				3F500CE02B1AC16D004D96CD /* UserRelationsView.swift in Sources */,
				B2388E9B2B0C2707009B82DE /* UIColor+Hex.swift in Sources */,
				3F40AA462B18336A006DD8FA /* NotesTabView.swift in Sources */,
				3F500CD82B1AC06E004D96CD /* UserProfileViewModel.swift in Sources */,
				3F500CE72B1AC33B004D96CD /* CreateNoteDummyView.swift in Sources */,
				3F500D002B1AD8AB004D96CD /* ForgotPasswordView.swift in Sources */,
				3F500CED2B1AC5D6004D96CD /* NoteDetailsViewModel.swift in Sources */,
				3F500D1A2B1ADDD1004D96CD /* ActivityViewModel.swift in Sources */,
				3F500D152B1ADD1E004D96CD /* ActivityType.swift in Sources */,
				3F7CA1402B25777D00CC1705 /* PrivacyView.swift in Sources */,
				B2388E992B0639BC009B82DE /* PhoneNumberPickerView.swift in Sources */,
				3F500CBD2B1A9F3D004D96CD /* String.swift in Sources */,
				B24F15F32B214D860076DD33 /* RecommendedRestaurantView.swift in Sources */,
				3F500CFC2B1AD67F004D96CD /* NoteReplyView.swift in Sources */,
				3F500D1F2B1AE185004D96CD /* UserListView.swift in Sources */,
				B2B48A212B2673540082076F /* NetworkViewTest.swift in Sources */,
				3F500CD22B1AAF0E004D96CD /* NoteReplyCell.swift in Sources */,
				3F7E62E62B19AB9E00B38ECC /* ContentViewOfficialModel.swift in Sources */,
				B2B48A3E2B285C740082076F /* YelpApiDetailsTestView.swift in Sources */,
				3F500CB92B1A9EF6004D96CD /* PreviewProvider.swift in Sources */,
				3F7CA1492B25838A00CC1705 /* NGButton.swift in Sources */,
				3FBC60772B018594001DB696 /* ProfileView.swift in Sources */,
				3F7CA13A2B25439A00CC1705 /* ReportPopupContentView.swift in Sources */,
				3F40AA4E2B183737006DD8FA /* ExploreView.swift in Sources */,
				3F7E62D92B19679200B38ECC /* ProfileNoteFilterViewModel.swift in Sources */,
				3F500CCC2B1AA386004D96CD /* NotesButtonModifier.swift in Sources */,
				3F7E62EC2B19B76A00B38ECC /* UserService.swift in Sources */,
				3F7CA13C2B25451900CC1705 /* ReportPopupView.swift in Sources */,
				3F500CC32B1AA136004D96CD /* NoteService.swift in Sources */,
				3F7CA1472B25835900CC1705 /* NewGatherViewViewModel.swift in Sources */,
				B24F15ED2B214D300076DD33 /* YelpApiService.swift in Sources */,
				3F500CBF2B1A9F7A004D96CD /* Note.swift in Sources */,
				3F500D082B1AD9C7004D96CD /* AuthError.swift in Sources */,
				3F7E62FB2B19D3BD00B38ECC /* ProfileHeaderView.swift in Sources */,
				3F500CC12B1A9FB8004D96CD /* NoteReply.swift in Sources */,
				3F7E62DE2B196E9100B38ECC /* EditProfileView.swift in Sources */,
				B2A935042AF181FB006B7AD8 /* TasteBudzApp.swift in Sources */,
				3F7E62E42B19A74600B38ECC /* AuthService.swift in Sources */,
			);
			runOnlyForDeploymentPostprocessing = 0;
		};
		B2A9350C2AF181FE006B7AD8 /* Sources */ = {
			isa = PBXSourcesBuildPhase;
			buildActionMask = 2147483647;
			files = (
				B2A935152AF181FE006B7AD8 /* TasteBudzTests.swift in Sources */,
			);
			runOnlyForDeploymentPostprocessing = 0;
		};
		B2A935162AF181FE006B7AD8 /* Sources */ = {
			isa = PBXSourcesBuildPhase;
			buildActionMask = 2147483647;
			files = (
				B2A9351F2AF181FE006B7AD8 /* TasteBudzUITests.swift in Sources */,
				B2A935212AF181FE006B7AD8 /* TasteBudzUITestsLaunchTests.swift in Sources */,
			);
			runOnlyForDeploymentPostprocessing = 0;
		};
/* End PBXSourcesBuildPhase section */

/* Begin PBXTargetDependency section */
		B2A935122AF181FE006B7AD8 /* PBXTargetDependency */ = {
			isa = PBXTargetDependency;
			target = B2A934FF2AF181FB006B7AD8 /* TasteBudz */;
			targetProxy = B2A935112AF181FE006B7AD8 /* PBXContainerItemProxy */;
		};
		B2A9351C2AF181FE006B7AD8 /* PBXTargetDependency */ = {
			isa = PBXTargetDependency;
			target = B2A934FF2AF181FB006B7AD8 /* TasteBudz */;
			targetProxy = B2A9351B2AF181FE006B7AD8 /* PBXContainerItemProxy */;
		};
/* End PBXTargetDependency section */

/* Begin XCBuildConfiguration section */
		B2A935222AF181FE006B7AD8 /* Debug */ = {
			isa = XCBuildConfiguration;
			buildSettings = {
				ALWAYS_SEARCH_USER_PATHS = NO;
				ASSETCATALOG_COMPILER_GENERATE_SWIFT_ASSET_SYMBOL_EXTENSIONS = YES;
				CLANG_ANALYZER_NONNULL = YES;
				CLANG_ANALYZER_NUMBER_OBJECT_CONVERSION = YES_AGGRESSIVE;
				CLANG_CXX_LANGUAGE_STANDARD = "gnu++20";
				CLANG_ENABLE_MODULES = YES;
				CLANG_ENABLE_OBJC_ARC = YES;
				CLANG_ENABLE_OBJC_WEAK = YES;
				CLANG_WARN_BLOCK_CAPTURE_AUTORELEASING = YES;
				CLANG_WARN_BOOL_CONVERSION = YES;
				CLANG_WARN_COMMA = YES;
				CLANG_WARN_CONSTANT_CONVERSION = YES;
				CLANG_WARN_DEPRECATED_OBJC_IMPLEMENTATIONS = YES;
				CLANG_WARN_DIRECT_OBJC_ISA_USAGE = YES_ERROR;
				CLANG_WARN_DOCUMENTATION_COMMENTS = YES;
				CLANG_WARN_EMPTY_BODY = YES;
				CLANG_WARN_ENUM_CONVERSION = YES;
				CLANG_WARN_INFINITE_RECURSION = YES;
				CLANG_WARN_INT_CONVERSION = YES;
				CLANG_WARN_NON_LITERAL_NULL_CONVERSION = YES;
				CLANG_WARN_OBJC_IMPLICIT_RETAIN_SELF = YES;
				CLANG_WARN_OBJC_LITERAL_CONVERSION = YES;
				CLANG_WARN_OBJC_ROOT_CLASS = YES_ERROR;
				CLANG_WARN_QUOTED_INCLUDE_IN_FRAMEWORK_HEADER = YES;
				CLANG_WARN_RANGE_LOOP_ANALYSIS = YES;
				CLANG_WARN_STRICT_PROTOTYPES = YES;
				CLANG_WARN_SUSPICIOUS_MOVE = YES;
				CLANG_WARN_UNGUARDED_AVAILABILITY = YES_AGGRESSIVE;
				CLANG_WARN_UNREACHABLE_CODE = YES;
				CLANG_WARN__DUPLICATE_METHOD_MATCH = YES;
				COPY_PHASE_STRIP = NO;
				DEBUG_INFORMATION_FORMAT = dwarf;
				ENABLE_STRICT_OBJC_MSGSEND = YES;
				ENABLE_TESTABILITY = YES;
				ENABLE_USER_SCRIPT_SANDBOXING = YES;
				GCC_C_LANGUAGE_STANDARD = gnu17;
				GCC_DYNAMIC_NO_PIC = NO;
				GCC_NO_COMMON_BLOCKS = YES;
				GCC_OPTIMIZATION_LEVEL = 0;
				GCC_PREPROCESSOR_DEFINITIONS = (
					"DEBUG=1",
					"$(inherited)",
				);
				GCC_WARN_64_TO_32_BIT_CONVERSION = YES;
				GCC_WARN_ABOUT_RETURN_TYPE = YES_ERROR;
				GCC_WARN_UNDECLARED_SELECTOR = YES;
				GCC_WARN_UNINITIALIZED_AUTOS = YES_AGGRESSIVE;
				GCC_WARN_UNUSED_FUNCTION = YES;
				GCC_WARN_UNUSED_VARIABLE = YES;
				IPHONEOS_DEPLOYMENT_TARGET = 17.0;
				LOCALIZATION_PREFERS_STRING_CATALOGS = YES;
				MTL_ENABLE_DEBUG_INFO = INCLUDE_SOURCE;
				MTL_FAST_MATH = YES;
				ONLY_ACTIVE_ARCH = YES;
				SDKROOT = iphoneos;
				SWIFT_ACTIVE_COMPILATION_CONDITIONS = "DEBUG $(inherited)";
				SWIFT_OPTIMIZATION_LEVEL = "-Onone";
			};
			name = Debug;
		};
		B2A935232AF181FE006B7AD8 /* Release */ = {
			isa = XCBuildConfiguration;
			buildSettings = {
				ALWAYS_SEARCH_USER_PATHS = NO;
				ASSETCATALOG_COMPILER_GENERATE_SWIFT_ASSET_SYMBOL_EXTENSIONS = YES;
				CLANG_ANALYZER_NONNULL = YES;
				CLANG_ANALYZER_NUMBER_OBJECT_CONVERSION = YES_AGGRESSIVE;
				CLANG_CXX_LANGUAGE_STANDARD = "gnu++20";
				CLANG_ENABLE_MODULES = YES;
				CLANG_ENABLE_OBJC_ARC = YES;
				CLANG_ENABLE_OBJC_WEAK = YES;
				CLANG_WARN_BLOCK_CAPTURE_AUTORELEASING = YES;
				CLANG_WARN_BOOL_CONVERSION = YES;
				CLANG_WARN_COMMA = YES;
				CLANG_WARN_CONSTANT_CONVERSION = YES;
				CLANG_WARN_DEPRECATED_OBJC_IMPLEMENTATIONS = YES;
				CLANG_WARN_DIRECT_OBJC_ISA_USAGE = YES_ERROR;
				CLANG_WARN_DOCUMENTATION_COMMENTS = YES;
				CLANG_WARN_EMPTY_BODY = YES;
				CLANG_WARN_ENUM_CONVERSION = YES;
				CLANG_WARN_INFINITE_RECURSION = YES;
				CLANG_WARN_INT_CONVERSION = YES;
				CLANG_WARN_NON_LITERAL_NULL_CONVERSION = YES;
				CLANG_WARN_OBJC_IMPLICIT_RETAIN_SELF = YES;
				CLANG_WARN_OBJC_LITERAL_CONVERSION = YES;
				CLANG_WARN_OBJC_ROOT_CLASS = YES_ERROR;
				CLANG_WARN_QUOTED_INCLUDE_IN_FRAMEWORK_HEADER = YES;
				CLANG_WARN_RANGE_LOOP_ANALYSIS = YES;
				CLANG_WARN_STRICT_PROTOTYPES = YES;
				CLANG_WARN_SUSPICIOUS_MOVE = YES;
				CLANG_WARN_UNGUARDED_AVAILABILITY = YES_AGGRESSIVE;
				CLANG_WARN_UNREACHABLE_CODE = YES;
				CLANG_WARN__DUPLICATE_METHOD_MATCH = YES;
				COPY_PHASE_STRIP = NO;
				DEBUG_INFORMATION_FORMAT = "dwarf-with-dsym";
				ENABLE_NS_ASSERTIONS = NO;
				ENABLE_STRICT_OBJC_MSGSEND = YES;
				ENABLE_USER_SCRIPT_SANDBOXING = YES;
				GCC_C_LANGUAGE_STANDARD = gnu17;
				GCC_NO_COMMON_BLOCKS = YES;
				GCC_WARN_64_TO_32_BIT_CONVERSION = YES;
				GCC_WARN_ABOUT_RETURN_TYPE = YES_ERROR;
				GCC_WARN_UNDECLARED_SELECTOR = YES;
				GCC_WARN_UNINITIALIZED_AUTOS = YES_AGGRESSIVE;
				GCC_WARN_UNUSED_FUNCTION = YES;
				GCC_WARN_UNUSED_VARIABLE = YES;
				IPHONEOS_DEPLOYMENT_TARGET = 17.0;
				LOCALIZATION_PREFERS_STRING_CATALOGS = YES;
				MTL_ENABLE_DEBUG_INFO = NO;
				MTL_FAST_MATH = YES;
				SDKROOT = iphoneos;
				SWIFT_COMPILATION_MODE = wholemodule;
				VALIDATE_PRODUCT = YES;
			};
			name = Release;
		};
		B2A935252AF181FE006B7AD8 /* Debug */ = {
			isa = XCBuildConfiguration;
			buildSettings = {
				ASSETCATALOG_COMPILER_APPICON_NAME = AppIcon;
				ASSETCATALOG_COMPILER_GLOBAL_ACCENT_COLOR_NAME = AccentColor;
				CODE_SIGN_STYLE = Automatic;
				CURRENT_PROJECT_VERSION = 3;
				DEVELOPMENT_ASSET_PATHS = "\"TasteBudz/Preview Content\"";
				DEVELOPMENT_TEAM = 2DN75KGK6S;
				ENABLE_PREVIEWS = YES;
				GENERATE_INFOPLIST_FILE = YES;
				INFOPLIST_KEY_CFBundleDisplayName = Gather;
				INFOPLIST_KEY_NSContactsUsageDescription = "Invite your friends and expand your network within the app.";
				INFOPLIST_KEY_UIApplicationSceneManifest_Generation = YES;
				INFOPLIST_KEY_UIApplicationSupportsIndirectInputEvents = YES;
				INFOPLIST_KEY_UILaunchScreen_Generation = YES;
				INFOPLIST_KEY_UISupportedInterfaceOrientations = UIInterfaceOrientationPortrait;
				INFOPLIST_KEY_UISupportedInterfaceOrientations_iPad = "UIInterfaceOrientationLandscapeLeft UIInterfaceOrientationLandscapeRight UIInterfaceOrientationPortrait UIInterfaceOrientationPortraitUpsideDown";
				IPHONEOS_DEPLOYMENT_TARGET = 16.2;
				LD_RUNPATH_SEARCH_PATHS = (
					"$(inherited)",
					"@executable_path/Frameworks",
				);
				MARKETING_VERSION = 1.0;
				PRODUCT_BUNDLE_IDENTIFIER = com.Litao.TasteBudz;
				PRODUCT_NAME = "$(TARGET_NAME)";
				SUPPORTED_PLATFORMS = "iphoneos iphonesimulator";
				SUPPORTS_MACCATALYST = NO;
				SUPPORTS_MAC_DESIGNED_FOR_IPHONE_IPAD = NO;
				SWIFT_EMIT_LOC_STRINGS = YES;
				SWIFT_VERSION = 5.0;
				TARGETED_DEVICE_FAMILY = 1;
			};
			name = Debug;
		};
		B2A935262AF181FE006B7AD8 /* Release */ = {
			isa = XCBuildConfiguration;
			buildSettings = {
				ASSETCATALOG_COMPILER_APPICON_NAME = AppIcon;
				ASSETCATALOG_COMPILER_GLOBAL_ACCENT_COLOR_NAME = AccentColor;
				CODE_SIGN_STYLE = Automatic;
				CURRENT_PROJECT_VERSION = 3;
				DEVELOPMENT_ASSET_PATHS = "\"TasteBudz/Preview Content\"";
				DEVELOPMENT_TEAM = Y8H53R9A9B;
				ENABLE_PREVIEWS = YES;
				GENERATE_INFOPLIST_FILE = YES;
				INFOPLIST_KEY_CFBundleDisplayName = Gather;
				INFOPLIST_KEY_NSContactsUsageDescription = "Invite your friends and expand your network within the app.";
				INFOPLIST_KEY_UIApplicationSceneManifest_Generation = YES;
				INFOPLIST_KEY_UIApplicationSupportsIndirectInputEvents = YES;
				INFOPLIST_KEY_UILaunchScreen_Generation = YES;
				INFOPLIST_KEY_UISupportedInterfaceOrientations = UIInterfaceOrientationPortrait;
				INFOPLIST_KEY_UISupportedInterfaceOrientations_iPad = "UIInterfaceOrientationLandscapeLeft UIInterfaceOrientationLandscapeRight UIInterfaceOrientationPortrait UIInterfaceOrientationPortraitUpsideDown";
				IPHONEOS_DEPLOYMENT_TARGET = 16.2;
				LD_RUNPATH_SEARCH_PATHS = (
					"$(inherited)",
					"@executable_path/Frameworks",
				);
				MARKETING_VERSION = 1.0;
				PRODUCT_BUNDLE_IDENTIFIER = com.Litao.TasteBudz;
				PRODUCT_NAME = "$(TARGET_NAME)";
				SUPPORTED_PLATFORMS = "iphoneos iphonesimulator";
				SUPPORTS_MACCATALYST = NO;
				SUPPORTS_MAC_DESIGNED_FOR_IPHONE_IPAD = NO;
				SWIFT_EMIT_LOC_STRINGS = YES;
				SWIFT_VERSION = 5.0;
				TARGETED_DEVICE_FAMILY = 1;
			};
			name = Release;
		};
		B2A935282AF181FE006B7AD8 /* Debug */ = {
			isa = XCBuildConfiguration;
			buildSettings = {
				ALWAYS_EMBED_SWIFT_STANDARD_LIBRARIES = YES;
				BUNDLE_LOADER = "$(TEST_HOST)";
				CODE_SIGN_STYLE = Automatic;
				CURRENT_PROJECT_VERSION = 1;
				GENERATE_INFOPLIST_FILE = YES;
				IPHONEOS_DEPLOYMENT_TARGET = 17.0;
				MARKETING_VERSION = 1.0;
				PRODUCT_BUNDLE_IDENTIFIER = com.Litao.TasteBudzTests;
				PRODUCT_NAME = "$(TARGET_NAME)";
				SWIFT_EMIT_LOC_STRINGS = NO;
				SWIFT_VERSION = 5.0;
				TARGETED_DEVICE_FAMILY = "1,2";
				TEST_HOST = "$(BUILT_PRODUCTS_DIR)/TasteBudz.app/$(BUNDLE_EXECUTABLE_FOLDER_PATH)/TasteBudz";
			};
			name = Debug;
		};
		B2A935292AF181FE006B7AD8 /* Release */ = {
			isa = XCBuildConfiguration;
			buildSettings = {
				ALWAYS_EMBED_SWIFT_STANDARD_LIBRARIES = YES;
				BUNDLE_LOADER = "$(TEST_HOST)";
				CODE_SIGN_STYLE = Automatic;
				CURRENT_PROJECT_VERSION = 1;
				GENERATE_INFOPLIST_FILE = YES;
				IPHONEOS_DEPLOYMENT_TARGET = 17.0;
				MARKETING_VERSION = 1.0;
				PRODUCT_BUNDLE_IDENTIFIER = com.Litao.TasteBudzTests;
				PRODUCT_NAME = "$(TARGET_NAME)";
				SWIFT_EMIT_LOC_STRINGS = NO;
				SWIFT_VERSION = 5.0;
				TARGETED_DEVICE_FAMILY = "1,2";
				TEST_HOST = "$(BUILT_PRODUCTS_DIR)/TasteBudz.app/$(BUNDLE_EXECUTABLE_FOLDER_PATH)/TasteBudz";
			};
			name = Release;
		};
		B2A9352B2AF181FE006B7AD8 /* Debug */ = {
			isa = XCBuildConfiguration;
			buildSettings = {
				ALWAYS_EMBED_SWIFT_STANDARD_LIBRARIES = YES;
				CODE_SIGN_STYLE = Automatic;
				CURRENT_PROJECT_VERSION = 1;
				GENERATE_INFOPLIST_FILE = YES;
				MARKETING_VERSION = 1.0;
				PRODUCT_BUNDLE_IDENTIFIER = com.Litao.TasteBudzUITests;
				PRODUCT_NAME = "$(TARGET_NAME)";
				SWIFT_EMIT_LOC_STRINGS = NO;
				SWIFT_VERSION = 5.0;
				TARGETED_DEVICE_FAMILY = "1,2";
				TEST_TARGET_NAME = TasteBudz;
			};
			name = Debug;
		};
		B2A9352C2AF181FE006B7AD8 /* Release */ = {
			isa = XCBuildConfiguration;
			buildSettings = {
				ALWAYS_EMBED_SWIFT_STANDARD_LIBRARIES = YES;
				CODE_SIGN_STYLE = Automatic;
				CURRENT_PROJECT_VERSION = 1;
				GENERATE_INFOPLIST_FILE = YES;
				MARKETING_VERSION = 1.0;
				PRODUCT_BUNDLE_IDENTIFIER = com.Litao.TasteBudzUITests;
				PRODUCT_NAME = "$(TARGET_NAME)";
				SWIFT_EMIT_LOC_STRINGS = NO;
				SWIFT_VERSION = 5.0;
				TARGETED_DEVICE_FAMILY = "1,2";
				TEST_TARGET_NAME = TasteBudz;
			};
			name = Release;
		};
/* End XCBuildConfiguration section */

/* Begin XCConfigurationList section */
		B2A934FB2AF181FB006B7AD8 /* Build configuration list for PBXProject "TasteBudz" */ = {
			isa = XCConfigurationList;
			buildConfigurations = (
				B2A935222AF181FE006B7AD8 /* Debug */,
				B2A935232AF181FE006B7AD8 /* Release */,
			);
			defaultConfigurationIsVisible = 0;
			defaultConfigurationName = Release;
		};
		B2A935242AF181FE006B7AD8 /* Build configuration list for PBXNativeTarget "TasteBudz" */ = {
			isa = XCConfigurationList;
			buildConfigurations = (
				B2A935252AF181FE006B7AD8 /* Debug */,
				B2A935262AF181FE006B7AD8 /* Release */,
			);
			defaultConfigurationIsVisible = 0;
			defaultConfigurationName = Release;
		};
		B2A935272AF181FE006B7AD8 /* Build configuration list for PBXNativeTarget "TasteBudzTests" */ = {
			isa = XCConfigurationList;
			buildConfigurations = (
				B2A935282AF181FE006B7AD8 /* Debug */,
				B2A935292AF181FE006B7AD8 /* Release */,
			);
			defaultConfigurationIsVisible = 0;
			defaultConfigurationName = Release;
		};
		B2A9352A2AF181FE006B7AD8 /* Build configuration list for PBXNativeTarget "TasteBudzUITests" */ = {
			isa = XCConfigurationList;
			buildConfigurations = (
				B2A9352B2AF181FE006B7AD8 /* Debug */,
				B2A9352C2AF181FE006B7AD8 /* Release */,
			);
			defaultConfigurationIsVisible = 0;
			defaultConfigurationName = Release;
		};
/* End XCConfigurationList section */

/* Begin XCRemoteSwiftPackageReference section */
		3F500D2B2B1AEEF6004D96CD /* XCRemoteSwiftPackageReference "Kingfisher" */ = {
			isa = XCRemoteSwiftPackageReference;
			repositoryURL = "https://github.com/onevcat/Kingfisher";
			requirement = {
				kind = upToNextMajorVersion;
				minimumVersion = 7.0.0;
			};
		};
		B2A935322AF183C0006B7AD8 /* XCRemoteSwiftPackageReference "firebase-ios-sdk" */ = {
			isa = XCRemoteSwiftPackageReference;
			repositoryURL = "https://github.com/firebase/firebase-ios-sdk";
			requirement = {
				kind = upToNextMajorVersion;
				minimumVersion = 10.17.0;
			};
		};
/* End XCRemoteSwiftPackageReference section */

/* Begin XCSwiftPackageProductDependency section */
		3F500D2C2B1AEEF6004D96CD /* Kingfisher */ = {
			isa = XCSwiftPackageProductDependency;
			package = 3F500D2B2B1AEEF6004D96CD /* XCRemoteSwiftPackageReference "Kingfisher" */;
			productName = Kingfisher;
		};
		B2A935332AF183C0006B7AD8 /* FirebaseAnalytics */ = {
			isa = XCSwiftPackageProductDependency;
			package = B2A935322AF183C0006B7AD8 /* XCRemoteSwiftPackageReference "firebase-ios-sdk" */;
			productName = FirebaseAnalytics;
		};
		B2A935352AF183C0006B7AD8 /* FirebaseAnalyticsOnDeviceConversion */ = {
			isa = XCSwiftPackageProductDependency;
			package = B2A935322AF183C0006B7AD8 /* XCRemoteSwiftPackageReference "firebase-ios-sdk" */;
			productName = FirebaseAnalyticsOnDeviceConversion;
		};
		B2A935372AF183C0006B7AD8 /* FirebaseAnalyticsSwift */ = {
			isa = XCSwiftPackageProductDependency;
			package = B2A935322AF183C0006B7AD8 /* XCRemoteSwiftPackageReference "firebase-ios-sdk" */;
			productName = FirebaseAnalyticsSwift;
		};
		B2A935392AF183C0006B7AD8 /* FirebaseAnalyticsWithoutAdIdSupport */ = {
			isa = XCSwiftPackageProductDependency;
			package = B2A935322AF183C0006B7AD8 /* XCRemoteSwiftPackageReference "firebase-ios-sdk" */;
			productName = FirebaseAnalyticsWithoutAdIdSupport;
		};
		B2A9353B2AF183C0006B7AD8 /* FirebaseAppCheck */ = {
			isa = XCSwiftPackageProductDependency;
			package = B2A935322AF183C0006B7AD8 /* XCRemoteSwiftPackageReference "firebase-ios-sdk" */;
			productName = FirebaseAppCheck;
		};
		B2A9353D2AF183C0006B7AD8 /* FirebaseAuth */ = {
			isa = XCSwiftPackageProductDependency;
			package = B2A935322AF183C0006B7AD8 /* XCRemoteSwiftPackageReference "firebase-ios-sdk" */;
			productName = FirebaseAuth;
		};
		B2A9353F2AF183C0006B7AD8 /* FirebaseDatabase */ = {
			isa = XCSwiftPackageProductDependency;
			package = B2A935322AF183C0006B7AD8 /* XCRemoteSwiftPackageReference "firebase-ios-sdk" */;
			productName = FirebaseDatabase;
		};
		B2A935412AF183C0006B7AD8 /* FirebaseFirestore */ = {
			isa = XCSwiftPackageProductDependency;
			package = B2A935322AF183C0006B7AD8 /* XCRemoteSwiftPackageReference "firebase-ios-sdk" */;
			productName = FirebaseFirestore;
		};
		B2A935432AF183C0006B7AD8 /* FirebaseFirestoreSwift */ = {
			isa = XCSwiftPackageProductDependency;
			package = B2A935322AF183C0006B7AD8 /* XCRemoteSwiftPackageReference "firebase-ios-sdk" */;
			productName = FirebaseFirestoreSwift;
		};
		B2A935452AF183C0006B7AD8 /* FirebaseInAppMessaging-Beta */ = {
			isa = XCSwiftPackageProductDependency;
			package = B2A935322AF183C0006B7AD8 /* XCRemoteSwiftPackageReference "firebase-ios-sdk" */;
			productName = "FirebaseInAppMessaging-Beta";
		};
		B2A935472AF183C0006B7AD8 /* FirebaseInAppMessagingSwift-Beta */ = {
			isa = XCSwiftPackageProductDependency;
			package = B2A935322AF183C0006B7AD8 /* XCRemoteSwiftPackageReference "firebase-ios-sdk" */;
			productName = "FirebaseInAppMessagingSwift-Beta";
		};
		B2A935492AF183C0006B7AD8 /* FirebaseMessaging */ = {
			isa = XCSwiftPackageProductDependency;
			package = B2A935322AF183C0006B7AD8 /* XCRemoteSwiftPackageReference "firebase-ios-sdk" */;
			productName = FirebaseMessaging;
		};
		B2A9354B2AF183C0006B7AD8 /* FirebasePerformance */ = {
			isa = XCSwiftPackageProductDependency;
			package = B2A935322AF183C0006B7AD8 /* XCRemoteSwiftPackageReference "firebase-ios-sdk" */;
			productName = FirebasePerformance;
		};
		B2A9354D2AF183C0006B7AD8 /* FirebaseStorage */ = {
			isa = XCSwiftPackageProductDependency;
			package = B2A935322AF183C0006B7AD8 /* XCRemoteSwiftPackageReference "firebase-ios-sdk" */;
			productName = FirebaseStorage;
		};
/* End XCSwiftPackageProductDependency section */
	};
	rootObject = B2A934F82AF181FB006B7AD8 /* Project object */;
}
