// !$*UTF8*$!
{
	archiveVersion = 1;
	classes = {
	};
	objectVersion = 56;
	objects = {

/* Begin PBXBuildFile section */
		B2A935042AF181FB006B7AD8 /* TasteBudzApp.swift in Sources */ = {isa = PBXBuildFile; fileRef = B2A935032AF181FB006B7AD8 /* TasteBudzApp.swift */; };
		B2A935062AF181FB006B7AD8 /* ContentView.swift in Sources */ = {isa = PBXBuildFile; fileRef = B2A935052AF181FB006B7AD8 /* ContentView.swift */; };
		B2A935082AF181FE006B7AD8 /* Assets.xcassets in Resources */ = {isa = PBXBuildFile; fileRef = B2A935072AF181FE006B7AD8 /* Assets.xcassets */; };
		B2A9350B2AF181FE006B7AD8 /* Preview Assets.xcassets in Resources */ = {isa = PBXBuildFile; fileRef = B2A9350A2AF181FE006B7AD8 /* Preview Assets.xcassets */; };
		B2A935152AF181FE006B7AD8 /* TasteBudzTests.swift in Sources */ = {isa = PBXBuildFile; fileRef = B2A935142AF181FE006B7AD8 /* TasteBudzTests.swift */; };
		B2A9351F2AF181FE006B7AD8 /* TasteBudzUITests.swift in Sources */ = {isa = PBXBuildFile; fileRef = B2A9351E2AF181FE006B7AD8 /* TasteBudzUITests.swift */; };
		B2A935212AF181FE006B7AD8 /* TasteBudzUITestsLaunchTests.swift in Sources */ = {isa = PBXBuildFile; fileRef = B2A935202AF181FE006B7AD8 /* TasteBudzUITestsLaunchTests.swift */; };
		B2A935312AF1830F006B7AD8 /* GoogleService-Info (1).plist in Resources */ = {isa = PBXBuildFile; fileRef = B2A935302AF1830F006B7AD8 /* GoogleService-Info (1).plist */; };
		B2A935342AF183C0006B7AD8 /* FirebaseAnalytics in Frameworks */ = {isa = PBXBuildFile; productRef = B2A935332AF183C0006B7AD8 /* FirebaseAnalytics */; };
		B2A935362AF183C0006B7AD8 /* FirebaseAnalyticsOnDeviceConversion in Frameworks */ = {isa = PBXBuildFile; productRef = B2A935352AF183C0006B7AD8 /* FirebaseAnalyticsOnDeviceConversion */; };
		B2A935382AF183C0006B7AD8 /* FirebaseAnalyticsSwift in Frameworks */ = {isa = PBXBuildFile; productRef = B2A935372AF183C0006B7AD8 /* FirebaseAnalyticsSwift */; };
		B2A9353A2AF183C0006B7AD8 /* FirebaseAnalyticsWithoutAdIdSupport in Frameworks */ = {isa = PBXBuildFile; productRef = B2A935392AF183C0006B7AD8 /* FirebaseAnalyticsWithoutAdIdSupport */; };
		B2A9353C2AF183C0006B7AD8 /* FirebaseAppCheck in Frameworks */ = {isa = PBXBuildFile; productRef = B2A9353B2AF183C0006B7AD8 /* FirebaseAppCheck */; };
		B2A9353E2AF183C0006B7AD8 /* FirebaseAuth in Frameworks */ = {isa = PBXBuildFile; productRef = B2A9353D2AF183C0006B7AD8 /* FirebaseAuth */; };
		B2A935402AF183C0006B7AD8 /* FirebaseDatabase in Frameworks */ = {isa = PBXBuildFile; productRef = B2A9353F2AF183C0006B7AD8 /* FirebaseDatabase */; };
		B2A935422AF183C0006B7AD8 /* FirebaseFirestore in Frameworks */ = {isa = PBXBuildFile; productRef = B2A935412AF183C0006B7AD8 /* FirebaseFirestore */; };
		B2A935442AF183C0006B7AD8 /* FirebaseFirestoreSwift in Frameworks */ = {isa = PBXBuildFile; productRef = B2A935432AF183C0006B7AD8 /* FirebaseFirestoreSwift */; };
		B2A935462AF183C0006B7AD8 /* FirebaseInAppMessaging-Beta in Frameworks */ = {isa = PBXBuildFile; productRef = B2A935452AF183C0006B7AD8 /* FirebaseInAppMessaging-Beta */; };
		B2A935482AF183C0006B7AD8 /* FirebaseInAppMessagingSwift-Beta in Frameworks */ = {isa = PBXBuildFile; productRef = B2A935472AF183C0006B7AD8 /* FirebaseInAppMessagingSwift-Beta */; };
		B2A9354A2AF183C0006B7AD8 /* FirebaseMessaging in Frameworks */ = {isa = PBXBuildFile; productRef = B2A935492AF183C0006B7AD8 /* FirebaseMessaging */; };
		B2A9354C2AF183C0006B7AD8 /* FirebasePerformance in Frameworks */ = {isa = PBXBuildFile; productRef = B2A9354B2AF183C0006B7AD8 /* FirebasePerformance */; };
		B2A9354E2AF183C0006B7AD8 /* FirebaseStorage in Frameworks */ = {isa = PBXBuildFile; productRef = B2A9354D2AF183C0006B7AD8 /* FirebaseStorage */; };
		B2A935502AF1A481006B7AD8 /* AppDelegate.swift in Sources */ = {isa = PBXBuildFile; fileRef = B2A9354F2AF1A481006B7AD8 /* AppDelegate.swift */; };
		B2A935542AF1A708006B7AD8 /* SignupLoginView.swift in Sources */ = {isa = PBXBuildFile; fileRef = B2A935532AF1A708006B7AD8 /* SignupLoginView.swift */; };
/* End PBXBuildFile section */

/* Begin PBXContainerItemProxy section */
		B2A935112AF181FE006B7AD8 /* PBXContainerItemProxy */ = {
			isa = PBXContainerItemProxy;
			containerPortal = B2A934F82AF181FB006B7AD8 /* Project object */;
			proxyType = 1;
			remoteGlobalIDString = B2A934FF2AF181FB006B7AD8;
			remoteInfo = TasteBudz;
		};
		B2A9351B2AF181FE006B7AD8 /* PBXContainerItemProxy */ = {
			isa = PBXContainerItemProxy;
			containerPortal = B2A934F82AF181FB006B7AD8 /* Project object */;
			proxyType = 1;
			remoteGlobalIDString = B2A934FF2AF181FB006B7AD8;
			remoteInfo = TasteBudz;
		};
/* End PBXContainerItemProxy section */

/* Begin PBXFileReference section */
		B2A935002AF181FB006B7AD8 /* TasteBudz.app */ = {isa = PBXFileReference; explicitFileType = wrapper.application; includeInIndex = 0; path = TasteBudz.app; sourceTree = BUILT_PRODUCTS_DIR; };
		B2A935032AF181FB006B7AD8 /* TasteBudzApp.swift */ = {isa = PBXFileReference; lastKnownFileType = sourcecode.swift; path = TasteBudzApp.swift; sourceTree = "<group>"; };
		B2A935052AF181FB006B7AD8 /* ContentView.swift */ = {isa = PBXFileReference; lastKnownFileType = sourcecode.swift; path = ContentView.swift; sourceTree = "<group>"; };
		B2A935072AF181FE006B7AD8 /* Assets.xcassets */ = {isa = PBXFileReference; lastKnownFileType = folder.assetcatalog; path = Assets.xcassets; sourceTree = "<group>"; };
		B2A9350A2AF181FE006B7AD8 /* Preview Assets.xcassets */ = {isa = PBXFileReference; lastKnownFileType = folder.assetcatalog; path = "Preview Assets.xcassets"; sourceTree = "<group>"; };
		B2A935102AF181FE006B7AD8 /* TasteBudzTests.xctest */ = {isa = PBXFileReference; explicitFileType = wrapper.cfbundle; includeInIndex = 0; path = TasteBudzTests.xctest; sourceTree = BUILT_PRODUCTS_DIR; };
		B2A935142AF181FE006B7AD8 /* TasteBudzTests.swift */ = {isa = PBXFileReference; lastKnownFileType = sourcecode.swift; path = TasteBudzTests.swift; sourceTree = "<group>"; };
		B2A9351A2AF181FE006B7AD8 /* TasteBudzUITests.xctest */ = {isa = PBXFileReference; explicitFileType = wrapper.cfbundle; includeInIndex = 0; path = TasteBudzUITests.xctest; sourceTree = BUILT_PRODUCTS_DIR; };
		B2A9351E2AF181FE006B7AD8 /* TasteBudzUITests.swift */ = {isa = PBXFileReference; lastKnownFileType = sourcecode.swift; path = TasteBudzUITests.swift; sourceTree = "<group>"; };
		B2A935202AF181FE006B7AD8 /* TasteBudzUITestsLaunchTests.swift */ = {isa = PBXFileReference; lastKnownFileType = sourcecode.swift; path = TasteBudzUITestsLaunchTests.swift; sourceTree = "<group>"; };
		B2A935302AF1830F006B7AD8 /* GoogleService-Info (1).plist */ = {isa = PBXFileReference; fileEncoding = 4; lastKnownFileType = text.plist.xml; name = "GoogleService-Info (1).plist"; path = "../../../../Downloads/GoogleService-Info (1).plist"; sourceTree = "<group>"; };
		B2A9354F2AF1A481006B7AD8 /* AppDelegate.swift */ = {isa = PBXFileReference; lastKnownFileType = sourcecode.swift; path = AppDelegate.swift; sourceTree = "<group>"; };
		B2A935532AF1A708006B7AD8 /* SignupLoginView.swift */ = {isa = PBXFileReference; lastKnownFileType = sourcecode.swift; path = SignupLoginView.swift; sourceTree = "<group>"; };
/* End PBXFileReference section */

/* Begin PBXFrameworksBuildPhase section */
		B2A934FD2AF181FB006B7AD8 /* Frameworks */ = {
			isa = PBXFrameworksBuildPhase;
			buildActionMask = 2147483647;
			files = (
				B2A9354A2AF183C0006B7AD8 /* FirebaseMessaging in Frameworks */,
				B2A935482AF183C0006B7AD8 /* FirebaseInAppMessagingSwift-Beta in Frameworks */,
				B2A935382AF183C0006B7AD8 /* FirebaseAnalyticsSwift in Frameworks */,
				B2A9353E2AF183C0006B7AD8 /* FirebaseAuth in Frameworks */,
				B2A935342AF183C0006B7AD8 /* FirebaseAnalytics in Frameworks */,
				B2A935362AF183C0006B7AD8 /* FirebaseAnalyticsOnDeviceConversion in Frameworks */,
				B2A9353C2AF183C0006B7AD8 /* FirebaseAppCheck in Frameworks */,
				B2A935422AF183C0006B7AD8 /* FirebaseFirestore in Frameworks */,
				B2A935402AF183C0006B7AD8 /* FirebaseDatabase in Frameworks */,
				B2A9353A2AF183C0006B7AD8 /* FirebaseAnalyticsWithoutAdIdSupport in Frameworks */,
				B2A9354C2AF183C0006B7AD8 /* FirebasePerformance in Frameworks */,
				B2A9354E2AF183C0006B7AD8 /* FirebaseStorage in Frameworks */,
				B2A935442AF183C0006B7AD8 /* FirebaseFirestoreSwift in Frameworks */,
				B2A935462AF183C0006B7AD8 /* FirebaseInAppMessaging-Beta in Frameworks */,
			);
			runOnlyForDeploymentPostprocessing = 0;
		};
		B2A9350D2AF181FE006B7AD8 /* Frameworks */ = {
			isa = PBXFrameworksBuildPhase;
			buildActionMask = 2147483647;
			files = (
			);
			runOnlyForDeploymentPostprocessing = 0;
		};
		B2A935172AF181FE006B7AD8 /* Frameworks */ = {
			isa = PBXFrameworksBuildPhase;
			buildActionMask = 2147483647;
			files = (
			);
			runOnlyForDeploymentPostprocessing = 0;
		};
/* End PBXFrameworksBuildPhase section */

/* Begin PBXGroup section */
		B2A934F72AF181FB006B7AD8 = {
			isa = PBXGroup;
			children = (
				B2A935022AF181FB006B7AD8 /* TasteBudz */,
				B2A935132AF181FE006B7AD8 /* TasteBudzTests */,
				B2A9351D2AF181FE006B7AD8 /* TasteBudzUITests */,
				B2A935012AF181FB006B7AD8 /* Products */,
			);
			sourceTree = "<group>";
		};
		B2A935012AF181FB006B7AD8 /* Products */ = {
			isa = PBXGroup;
			children = (
				B2A935002AF181FB006B7AD8 /* TasteBudz.app */,
				B2A935102AF181FE006B7AD8 /* TasteBudzTests.xctest */,
				B2A9351A2AF181FE006B7AD8 /* TasteBudzUITests.xctest */,
			);
			name = Products;
			sourceTree = "<group>";
		};
		B2A935022AF181FB006B7AD8 /* TasteBudz */ = {
			isa = PBXGroup;
			children = (
				B2A935302AF1830F006B7AD8 /* GoogleService-Info (1).plist */,
				B2A935032AF181FB006B7AD8 /* TasteBudzApp.swift */,
				B2A9354F2AF1A481006B7AD8 /* AppDelegate.swift */,
				B2A935052AF181FB006B7AD8 /* ContentView.swift */,
				B2A935532AF1A708006B7AD8 /* SignupLoginView.swift */,
				B2A935072AF181FE006B7AD8 /* Assets.xcassets */,
				B2A935092AF181FE006B7AD8 /* Preview Content */,
			);
			path = TasteBudz;
			sourceTree = "<group>";
		};
		B2A935092AF181FE006B7AD8 /* Preview Content */ = {
			isa = PBXGroup;
			children = (
				B2A9350A2AF181FE006B7AD8 /* Preview Assets.xcassets */,
			);
			path = "Preview Content";
			sourceTree = "<group>";
		};
		B2A935132AF181FE006B7AD8 /* TasteBudzTests */ = {
			isa = PBXGroup;
			children = (
				B2A935142AF181FE006B7AD8 /* TasteBudzTests.swift */,
			);
			path = TasteBudzTests;
			sourceTree = "<group>";
		};
		B2A9351D2AF181FE006B7AD8 /* TasteBudzUITests */ = {
			isa = PBXGroup;
			children = (
				B2A9351E2AF181FE006B7AD8 /* TasteBudzUITests.swift */,
				B2A935202AF181FE006B7AD8 /* TasteBudzUITestsLaunchTests.swift */,
			);
			path = TasteBudzUITests;
			sourceTree = "<group>";
		};
/* End PBXGroup section */

/* Begin PBXNativeTarget section */
		B2A934FF2AF181FB006B7AD8 /* TasteBudz */ = {
			isa = PBXNativeTarget;
			buildConfigurationList = B2A935242AF181FE006B7AD8 /* Build configuration list for PBXNativeTarget "TasteBudz" */;
			buildPhases = (
				B2A934FC2AF181FB006B7AD8 /* Sources */,
				B2A934FD2AF181FB006B7AD8 /* Frameworks */,
				B2A934FE2AF181FB006B7AD8 /* Resources */,
			);
			buildRules = (
			);
			dependencies = (
			);
			name = TasteBudz;
			packageProductDependencies = (
				B2A935332AF183C0006B7AD8 /* FirebaseAnalytics */,
				B2A935352AF183C0006B7AD8 /* FirebaseAnalyticsOnDeviceConversion */,
				B2A935372AF183C0006B7AD8 /* FirebaseAnalyticsSwift */,
				B2A935392AF183C0006B7AD8 /* FirebaseAnalyticsWithoutAdIdSupport */,
				B2A9353B2AF183C0006B7AD8 /* FirebaseAppCheck */,
				B2A9353D2AF183C0006B7AD8 /* FirebaseAuth */,
				B2A9353F2AF183C0006B7AD8 /* FirebaseDatabase */,
				B2A935412AF183C0006B7AD8 /* FirebaseFirestore */,
				B2A935432AF183C0006B7AD8 /* FirebaseFirestoreSwift */,
				B2A935452AF183C0006B7AD8 /* FirebaseInAppMessaging-Beta */,
				B2A935472AF183C0006B7AD8 /* FirebaseInAppMessagingSwift-Beta */,
				B2A935492AF183C0006B7AD8 /* FirebaseMessaging */,
				B2A9354B2AF183C0006B7AD8 /* FirebasePerformance */,
				B2A9354D2AF183C0006B7AD8 /* FirebaseStorage */,
			);
			productName = TasteBudz;
			productReference = B2A935002AF181FB006B7AD8 /* TasteBudz.app */;
			productType = "com.apple.product-type.application";
		};
		B2A9350F2AF181FE006B7AD8 /* TasteBudzTests */ = {
			isa = PBXNativeTarget;
			buildConfigurationList = B2A935272AF181FE006B7AD8 /* Build configuration list for PBXNativeTarget "TasteBudzTests" */;
			buildPhases = (
				B2A9350C2AF181FE006B7AD8 /* Sources */,
				B2A9350D2AF181FE006B7AD8 /* Frameworks */,
				B2A9350E2AF181FE006B7AD8 /* Resources */,
			);
			buildRules = (
			);
			dependencies = (
				B2A935122AF181FE006B7AD8 /* PBXTargetDependency */,
			);
			name = TasteBudzTests;
			productName = TasteBudzTests;
			productReference = B2A935102AF181FE006B7AD8 /* TasteBudzTests.xctest */;
			productType = "com.apple.product-type.bundle.unit-test";
		};
		B2A935192AF181FE006B7AD8 /* TasteBudzUITests */ = {
			isa = PBXNativeTarget;
			buildConfigurationList = B2A9352A2AF181FE006B7AD8 /* Build configuration list for PBXNativeTarget "TasteBudzUITests" */;
			buildPhases = (
				B2A935162AF181FE006B7AD8 /* Sources */,
				B2A935172AF181FE006B7AD8 /* Frameworks */,
				B2A935182AF181FE006B7AD8 /* Resources */,
			);
			buildRules = (
			);
			dependencies = (
				B2A9351C2AF181FE006B7AD8 /* PBXTargetDependency */,
			);
			name = TasteBudzUITests;
			productName = TasteBudzUITests;
			productReference = B2A9351A2AF181FE006B7AD8 /* TasteBudzUITests.xctest */;
			productType = "com.apple.product-type.bundle.ui-testing";
		};
/* End PBXNativeTarget section */

/* Begin PBXProject section */
		B2A934F82AF181FB006B7AD8 /* Project object */ = {
			isa = PBXProject;
			attributes = {
				BuildIndependentTargetsInParallel = 1;
				LastSwiftUpdateCheck = 1500;
				LastUpgradeCheck = 1500;
				TargetAttributes = {
					B2A934FF2AF181FB006B7AD8 = {
						CreatedOnToolsVersion = 15.0;
					};
					B2A9350F2AF181FE006B7AD8 = {
						CreatedOnToolsVersion = 15.0;
						TestTargetID = B2A934FF2AF181FB006B7AD8;
					};
					B2A935192AF181FE006B7AD8 = {
						CreatedOnToolsVersion = 15.0;
						TestTargetID = B2A934FF2AF181FB006B7AD8;
					};
				};
			};
			buildConfigurationList = B2A934FB2AF181FB006B7AD8 /* Build configuration list for PBXProject "TasteBudz" */;
			compatibilityVersion = "Xcode 14.0";
			developmentRegion = en;
			hasScannedForEncodings = 0;
			knownRegions = (
				en,
				Base,
			);
			mainGroup = B2A934F72AF181FB006B7AD8;
			packageReferences = (
				B2A935322AF183C0006B7AD8 /* XCRemoteSwiftPackageReference "firebase-ios-sdk" */,
			);
			productRefGroup = B2A935012AF181FB006B7AD8 /* Products */;
			projectDirPath = "";
			projectRoot = "";
			targets = (
				B2A934FF2AF181FB006B7AD8 /* TasteBudz */,
				B2A9350F2AF181FE006B7AD8 /* TasteBudzTests */,
				B2A935192AF181FE006B7AD8 /* TasteBudzUITests */,
			);
		};
/* End PBXProject section */

/* Begin PBXResourcesBuildPhase section */
		B2A934FE2AF181FB006B7AD8 /* Resources */ = {
			isa = PBXResourcesBuildPhase;
			buildActionMask = 2147483647;
			files = (
				B2A9350B2AF181FE006B7AD8 /* Preview Assets.xcassets in Resources */,
				B2A935312AF1830F006B7AD8 /* GoogleService-Info (1).plist in Resources */,
				B2A935082AF181FE006B7AD8 /* Assets.xcassets in Resources */,
			);
			runOnlyForDeploymentPostprocessing = 0;
		};
		B2A9350E2AF181FE006B7AD8 /* Resources */ = {
			isa = PBXResourcesBuildPhase;
			buildActionMask = 2147483647;
			files = (
			);
			runOnlyForDeploymentPostprocessing = 0;
		};
		B2A935182AF181FE006B7AD8 /* Resources */ = {
			isa = PBXResourcesBuildPhase;
			buildActionMask = 2147483647;
			files = (
			);
			runOnlyForDeploymentPostprocessing = 0;
		};
/* End PBXResourcesBuildPhase section */

/* Begin PBXSourcesBuildPhase section */
		B2A934FC2AF181FB006B7AD8 /* Sources */ = {
			isa = PBXSourcesBuildPhase;
			buildActionMask = 2147483647;
			files = (
				B2A935502AF1A481006B7AD8 /* AppDelegate.swift in Sources */,
				B2A935062AF181FB006B7AD8 /* ContentView.swift in Sources */,
				B2A935542AF1A708006B7AD8 /* SignupLoginView.swift in Sources */,
				B2A935042AF181FB006B7AD8 /* TasteBudzApp.swift in Sources */,
			);
			runOnlyForDeploymentPostprocessing = 0;
		};
		B2A9350C2AF181FE006B7AD8 /* Sources */ = {
			isa = PBXSourcesBuildPhase;
			buildActionMask = 2147483647;
			files = (
				B2A935152AF181FE006B7AD8 /* TasteBudzTests.swift in Sources */,
			);
			runOnlyForDeploymentPostprocessing = 0;
		};
		B2A935162AF181FE006B7AD8 /* Sources */ = {
			isa = PBXSourcesBuildPhase;
			buildActionMask = 2147483647;
			files = (
				B2A9351F2AF181FE006B7AD8 /* TasteBudzUITests.swift in Sources */,
				B2A935212AF181FE006B7AD8 /* TasteBudzUITestsLaunchTests.swift in Sources */,
			);
			runOnlyForDeploymentPostprocessing = 0;
		};
/* End PBXSourcesBuildPhase section */

/* Begin PBXTargetDependency section */
		B2A935122AF181FE006B7AD8 /* PBXTargetDependency */ = {
			isa = PBXTargetDependency;
			target = B2A934FF2AF181FB006B7AD8 /* TasteBudz */;
			targetProxy = B2A935112AF181FE006B7AD8 /* PBXContainerItemProxy */;
		};
		B2A9351C2AF181FE006B7AD8 /* PBXTargetDependency */ = {
			isa = PBXTargetDependency;
			target = B2A934FF2AF181FB006B7AD8 /* TasteBudz */;
			targetProxy = B2A9351B2AF181FE006B7AD8 /* PBXContainerItemProxy */;
		};
/* End PBXTargetDependency section */

/* Begin XCBuildConfiguration section */
		B2A935222AF181FE006B7AD8 /* Debug */ = {
			isa = XCBuildConfiguration;
			buildSettings = {
				ALWAYS_SEARCH_USER_PATHS = NO;
				ASSETCATALOG_COMPILER_GENERATE_SWIFT_ASSET_SYMBOL_EXTENSIONS = YES;
				CLANG_ANALYZER_NONNULL = YES;
				CLANG_ANALYZER_NUMBER_OBJECT_CONVERSION = YES_AGGRESSIVE;
				CLANG_CXX_LANGUAGE_STANDARD = "gnu++20";
				CLANG_ENABLE_MODULES = YES;
				CLANG_ENABLE_OBJC_ARC = YES;
				CLANG_ENABLE_OBJC_WEAK = YES;
				CLANG_WARN_BLOCK_CAPTURE_AUTORELEASING = YES;
				CLANG_WARN_BOOL_CONVERSION = YES;
				CLANG_WARN_COMMA = YES;
				CLANG_WARN_CONSTANT_CONVERSION = YES;
				CLANG_WARN_DEPRECATED_OBJC_IMPLEMENTATIONS = YES;
				CLANG_WARN_DIRECT_OBJC_ISA_USAGE = YES_ERROR;
				CLANG_WARN_DOCUMENTATION_COMMENTS = YES;
				CLANG_WARN_EMPTY_BODY = YES;
				CLANG_WARN_ENUM_CONVERSION = YES;
				CLANG_WARN_INFINITE_RECURSION = YES;
				CLANG_WARN_INT_CONVERSION = YES;
				CLANG_WARN_NON_LITERAL_NULL_CONVERSION = YES;
				CLANG_WARN_OBJC_IMPLICIT_RETAIN_SELF = YES;
				CLANG_WARN_OBJC_LITERAL_CONVERSION = YES;
				CLANG_WARN_OBJC_ROOT_CLASS = YES_ERROR;
				CLANG_WARN_QUOTED_INCLUDE_IN_FRAMEWORK_HEADER = YES;
				CLANG_WARN_RANGE_LOOP_ANALYSIS = YES;
				CLANG_WARN_STRICT_PROTOTYPES = YES;
				CLANG_WARN_SUSPICIOUS_MOVE = YES;
				CLANG_WARN_UNGUARDED_AVAILABILITY = YES_AGGRESSIVE;
				CLANG_WARN_UNREACHABLE_CODE = YES;
				CLANG_WARN__DUPLICATE_METHOD_MATCH = YES;
				COPY_PHASE_STRIP = NO;
				DEBUG_INFORMATION_FORMAT = dwarf;
				ENABLE_STRICT_OBJC_MSGSEND = YES;
				ENABLE_TESTABILITY = YES;
				ENABLE_USER_SCRIPT_SANDBOXING = YES;
				GCC_C_LANGUAGE_STANDARD = gnu17;
				GCC_DYNAMIC_NO_PIC = NO;
				GCC_NO_COMMON_BLOCKS = YES;
				GCC_OPTIMIZATION_LEVEL = 0;
				GCC_PREPROCESSOR_DEFINITIONS = (
					"DEBUG=1",
					"$(inherited)",
				);
				GCC_WARN_64_TO_32_BIT_CONVERSION = YES;
				GCC_WARN_ABOUT_RETURN_TYPE = YES_ERROR;
				GCC_WARN_UNDECLARED_SELECTOR = YES;
				GCC_WARN_UNINITIALIZED_AUTOS = YES_AGGRESSIVE;
				GCC_WARN_UNUSED_FUNCTION = YES;
				GCC_WARN_UNUSED_VARIABLE = YES;
				IPHONEOS_DEPLOYMENT_TARGET = 17.0;
				LOCALIZATION_PREFERS_STRING_CATALOGS = YES;
				MTL_ENABLE_DEBUG_INFO = INCLUDE_SOURCE;
				MTL_FAST_MATH = YES;
				ONLY_ACTIVE_ARCH = YES;
				SDKROOT = iphoneos;
				SWIFT_ACTIVE_COMPILATION_CONDITIONS = "DEBUG $(inherited)";
				SWIFT_OPTIMIZATION_LEVEL = "-Onone";
			};
			name = Debug;
		};
		B2A935232AF181FE006B7AD8 /* Release */ = {
			isa = XCBuildConfiguration;
			buildSettings = {
				ALWAYS_SEARCH_USER_PATHS = NO;
				ASSETCATALOG_COMPILER_GENERATE_SWIFT_ASSET_SYMBOL_EXTENSIONS = YES;
				CLANG_ANALYZER_NONNULL = YES;
				CLANG_ANALYZER_NUMBER_OBJECT_CONVERSION = YES_AGGRESSIVE;
				CLANG_CXX_LANGUAGE_STANDARD = "gnu++20";
				CLANG_ENABLE_MODULES = YES;
				CLANG_ENABLE_OBJC_ARC = YES;
				CLANG_ENABLE_OBJC_WEAK = YES;
				CLANG_WARN_BLOCK_CAPTURE_AUTORELEASING = YES;
				CLANG_WARN_BOOL_CONVERSION = YES;
				CLANG_WARN_COMMA = YES;
				CLANG_WARN_CONSTANT_CONVERSION = YES;
				CLANG_WARN_DEPRECATED_OBJC_IMPLEMENTATIONS = YES;
				CLANG_WARN_DIRECT_OBJC_ISA_USAGE = YES_ERROR;
				CLANG_WARN_DOCUMENTATION_COMMENTS = YES;
				CLANG_WARN_EMPTY_BODY = YES;
				CLANG_WARN_ENUM_CONVERSION = YES;
				CLANG_WARN_INFINITE_RECURSION = YES;
				CLANG_WARN_INT_CONVERSION = YES;
				CLANG_WARN_NON_LITERAL_NULL_CONVERSION = YES;
				CLANG_WARN_OBJC_IMPLICIT_RETAIN_SELF = YES;
				CLANG_WARN_OBJC_LITERAL_CONVERSION = YES;
				CLANG_WARN_OBJC_ROOT_CLASS = YES_ERROR;
				CLANG_WARN_QUOTED_INCLUDE_IN_FRAMEWORK_HEADER = YES;
				CLANG_WARN_RANGE_LOOP_ANALYSIS = YES;
				CLANG_WARN_STRICT_PROTOTYPES = YES;
				CLANG_WARN_SUSPICIOUS_MOVE = YES;
				CLANG_WARN_UNGUARDED_AVAILABILITY = YES_AGGRESSIVE;
				CLANG_WARN_UNREACHABLE_CODE = YES;
				CLANG_WARN__DUPLICATE_METHOD_MATCH = YES;
				COPY_PHASE_STRIP = NO;
				DEBUG_INFORMATION_FORMAT = "dwarf-with-dsym";
				ENABLE_NS_ASSERTIONS = NO;
				ENABLE_STRICT_OBJC_MSGSEND = YES;
				ENABLE_USER_SCRIPT_SANDBOXING = YES;
				GCC_C_LANGUAGE_STANDARD = gnu17;
				GCC_NO_COMMON_BLOCKS = YES;
				GCC_WARN_64_TO_32_BIT_CONVERSION = YES;
				GCC_WARN_ABOUT_RETURN_TYPE = YES_ERROR;
				GCC_WARN_UNDECLARED_SELECTOR = YES;
				GCC_WARN_UNINITIALIZED_AUTOS = YES_AGGRESSIVE;
				GCC_WARN_UNUSED_FUNCTION = YES;
				GCC_WARN_UNUSED_VARIABLE = YES;
				IPHONEOS_DEPLOYMENT_TARGET = 17.0;
				LOCALIZATION_PREFERS_STRING_CATALOGS = YES;
				MTL_ENABLE_DEBUG_INFO = NO;
				MTL_FAST_MATH = YES;
				SDKROOT = iphoneos;
				SWIFT_COMPILATION_MODE = wholemodule;
				VALIDATE_PRODUCT = YES;
			};
			name = Release;
		};
		B2A935252AF181FE006B7AD8 /* Debug */ = {
			isa = XCBuildConfiguration;
			buildSettings = {
				ASSETCATALOG_COMPILER_APPICON_NAME = AppIcon;
				ASSETCATALOG_COMPILER_GLOBAL_ACCENT_COLOR_NAME = AccentColor;
				CODE_SIGN_STYLE = Automatic;
				CURRENT_PROJECT_VERSION = 1;
				DEVELOPMENT_ASSET_PATHS = "\"TasteBudz/Preview Content\"";
				ENABLE_PREVIEWS = YES;
				GENERATE_INFOPLIST_FILE = YES;
				INFOPLIST_KEY_UIApplicationSceneManifest_Generation = YES;
				INFOPLIST_KEY_UIApplicationSupportsIndirectInputEvents = YES;
				INFOPLIST_KEY_UILaunchScreen_Generation = YES;
				INFOPLIST_KEY_UISupportedInterfaceOrientations_iPad = "UIInterfaceOrientationPortrait UIInterfaceOrientationPortraitUpsideDown UIInterfaceOrientationLandscapeLeft UIInterfaceOrientationLandscapeRight";
				INFOPLIST_KEY_UISupportedInterfaceOrientations_iPhone = "UIInterfaceOrientationPortrait UIInterfaceOrientationLandscapeLeft UIInterfaceOrientationLandscapeRight";
				LD_RUNPATH_SEARCH_PATHS = (
					"$(inherited)",
					"@executable_path/Frameworks",
				);
				MARKETING_VERSION = 1.0;
				PRODUCT_BUNDLE_IDENTIFIER = com.Litao.TasteBudz;
				PRODUCT_NAME = "$(TARGET_NAME)";
				SWIFT_EMIT_LOC_STRINGS = YES;
				SWIFT_VERSION = 5.0;
				TARGETED_DEVICE_FAMILY = "1,2";
			};
			name = Debug;
		};
		B2A935262AF181FE006B7AD8 /* Release */ = {
			isa = XCBuildConfiguration;
			buildSettings = {
				ASSETCATALOG_COMPILER_APPICON_NAME = AppIcon;
				ASSETCATALOG_COMPILER_GLOBAL_ACCENT_COLOR_NAME = AccentColor;
				CODE_SIGN_STYLE = Automatic;
				CURRENT_PROJECT_VERSION = 1;
				DEVELOPMENT_ASSET_PATHS = "\"TasteBudz/Preview Content\"";
				ENABLE_PREVIEWS = YES;
				GENERATE_INFOPLIST_FILE = YES;
				INFOPLIST_KEY_UIApplicationSceneManifest_Generation = YES;
				INFOPLIST_KEY_UIApplicationSupportsIndirectInputEvents = YES;
				INFOPLIST_KEY_UILaunchScreen_Generation = YES;
				INFOPLIST_KEY_UISupportedInterfaceOrientations_iPad = "UIInterfaceOrientationPortrait UIInterfaceOrientationPortraitUpsideDown UIInterfaceOrientationLandscapeLeft UIInterfaceOrientationLandscapeRight";
				INFOPLIST_KEY_UISupportedInterfaceOrientations_iPhone = "UIInterfaceOrientationPortrait UIInterfaceOrientationLandscapeLeft UIInterfaceOrientationLandscapeRight";
				LD_RUNPATH_SEARCH_PATHS = (
					"$(inherited)",
					"@executable_path/Frameworks",
				);
				MARKETING_VERSION = 1.0;
				PRODUCT_BUNDLE_IDENTIFIER = com.Litao.TasteBudz;
				PRODUCT_NAME = "$(TARGET_NAME)";
				SWIFT_EMIT_LOC_STRINGS = YES;
				SWIFT_VERSION = 5.0;
				TARGETED_DEVICE_FAMILY = "1,2";
			};
			name = Release;
		};
		B2A935282AF181FE006B7AD8 /* Debug */ = {
			isa = XCBuildConfiguration;
			buildSettings = {
				ALWAYS_EMBED_SWIFT_STANDARD_LIBRARIES = YES;
				BUNDLE_LOADER = "$(TEST_HOST)";
				CODE_SIGN_STYLE = Automatic;
				CURRENT_PROJECT_VERSION = 1;
				GENERATE_INFOPLIST_FILE = YES;
				IPHONEOS_DEPLOYMENT_TARGET = 17.0;
				MARKETING_VERSION = 1.0;
				PRODUCT_BUNDLE_IDENTIFIER = com.Litao.TasteBudzTests;
				PRODUCT_NAME = "$(TARGET_NAME)";
				SWIFT_EMIT_LOC_STRINGS = NO;
				SWIFT_VERSION = 5.0;
				TARGETED_DEVICE_FAMILY = "1,2";
				TEST_HOST = "$(BUILT_PRODUCTS_DIR)/TasteBudz.app/$(BUNDLE_EXECUTABLE_FOLDER_PATH)/TasteBudz";
			};
			name = Debug;
		};
		B2A935292AF181FE006B7AD8 /* Release */ = {
			isa = XCBuildConfiguration;
			buildSettings = {
				ALWAYS_EMBED_SWIFT_STANDARD_LIBRARIES = YES;
				BUNDLE_LOADER = "$(TEST_HOST)";
				CODE_SIGN_STYLE = Automatic;
				CURRENT_PROJECT_VERSION = 1;
				GENERATE_INFOPLIST_FILE = YES;
				IPHONEOS_DEPLOYMENT_TARGET = 17.0;
				MARKETING_VERSION = 1.0;
				PRODUCT_BUNDLE_IDENTIFIER = com.Litao.TasteBudzTests;
				PRODUCT_NAME = "$(TARGET_NAME)";
				SWIFT_EMIT_LOC_STRINGS = NO;
				SWIFT_VERSION = 5.0;
				TARGETED_DEVICE_FAMILY = "1,2";
				TEST_HOST = "$(BUILT_PRODUCTS_DIR)/TasteBudz.app/$(BUNDLE_EXECUTABLE_FOLDER_PATH)/TasteBudz";
			};
			name = Release;
		};
		B2A9352B2AF181FE006B7AD8 /* Debug */ = {
			isa = XCBuildConfiguration;
			buildSettings = {
				ALWAYS_EMBED_SWIFT_STANDARD_LIBRARIES = YES;
				CODE_SIGN_STYLE = Automatic;
				CURRENT_PROJECT_VERSION = 1;
				GENERATE_INFOPLIST_FILE = YES;
				MARKETING_VERSION = 1.0;
				PRODUCT_BUNDLE_IDENTIFIER = com.Litao.TasteBudzUITests;
				PRODUCT_NAME = "$(TARGET_NAME)";
				SWIFT_EMIT_LOC_STRINGS = NO;
				SWIFT_VERSION = 5.0;
				TARGETED_DEVICE_FAMILY = "1,2";
				TEST_TARGET_NAME = TasteBudz;
			};
			name = Debug;
		};
		B2A9352C2AF181FE006B7AD8 /* Release */ = {
			isa = XCBuildConfiguration;
			buildSettings = {
				ALWAYS_EMBED_SWIFT_STANDARD_LIBRARIES = YES;
				CODE_SIGN_STYLE = Automatic;
				CURRENT_PROJECT_VERSION = 1;
				GENERATE_INFOPLIST_FILE = YES;
				MARKETING_VERSION = 1.0;
				PRODUCT_BUNDLE_IDENTIFIER = com.Litao.TasteBudzUITests;
				PRODUCT_NAME = "$(TARGET_NAME)";
				SWIFT_EMIT_LOC_STRINGS = NO;
				SWIFT_VERSION = 5.0;
				TARGETED_DEVICE_FAMILY = "1,2";
				TEST_TARGET_NAME = TasteBudz;
			};
			name = Release;
		};
/* End XCBuildConfiguration section */

/* Begin XCConfigurationList section */
		B2A934FB2AF181FB006B7AD8 /* Build configuration list for PBXProject "TasteBudz" */ = {
			isa = XCConfigurationList;
			buildConfigurations = (
				B2A935222AF181FE006B7AD8 /* Debug */,
				B2A935232AF181FE006B7AD8 /* Release */,
			);
			defaultConfigurationIsVisible = 0;
			defaultConfigurationName = Release;
		};
		B2A935242AF181FE006B7AD8 /* Build configuration list for PBXNativeTarget "TasteBudz" */ = {
			isa = XCConfigurationList;
			buildConfigurations = (
				B2A935252AF181FE006B7AD8 /* Debug */,
				B2A935262AF181FE006B7AD8 /* Release */,
			);
			defaultConfigurationIsVisible = 0;
			defaultConfigurationName = Release;
		};
		B2A935272AF181FE006B7AD8 /* Build configuration list for PBXNativeTarget "TasteBudzTests" */ = {
			isa = XCConfigurationList;
			buildConfigurations = (
				B2A935282AF181FE006B7AD8 /* Debug */,
				B2A935292AF181FE006B7AD8 /* Release */,
			);
			defaultConfigurationIsVisible = 0;
			defaultConfigurationName = Release;
		};
		B2A9352A2AF181FE006B7AD8 /* Build configuration list for PBXNativeTarget "TasteBudzUITests" */ = {
			isa = XCConfigurationList;
			buildConfigurations = (
				B2A9352B2AF181FE006B7AD8 /* Debug */,
				B2A9352C2AF181FE006B7AD8 /* Release */,
			);
			defaultConfigurationIsVisible = 0;
			defaultConfigurationName = Release;
		};
/* End XCConfigurationList section */

/* Begin XCRemoteSwiftPackageReference section */
		B2A935322AF183C0006B7AD8 /* XCRemoteSwiftPackageReference "firebase-ios-sdk" */ = {
			isa = XCRemoteSwiftPackageReference;
			repositoryURL = "https://github.com/firebase/firebase-ios-sdk";
			requirement = {
				kind = upToNextMajorVersion;
				minimumVersion = 10.17.0;
			};
		};
/* End XCRemoteSwiftPackageReference section */

/* Begin XCSwiftPackageProductDependency section */
		B2A935332AF183C0006B7AD8 /* FirebaseAnalytics */ = {
			isa = XCSwiftPackageProductDependency;
			package = B2A935322AF183C0006B7AD8 /* XCRemoteSwiftPackageReference "firebase-ios-sdk" */;
			productName = FirebaseAnalytics;
		};
		B2A935352AF183C0006B7AD8 /* FirebaseAnalyticsOnDeviceConversion */ = {
			isa = XCSwiftPackageProductDependency;
			package = B2A935322AF183C0006B7AD8 /* XCRemoteSwiftPackageReference "firebase-ios-sdk" */;
			productName = FirebaseAnalyticsOnDeviceConversion;
		};
		B2A935372AF183C0006B7AD8 /* FirebaseAnalyticsSwift */ = {
			isa = XCSwiftPackageProductDependency;
			package = B2A935322AF183C0006B7AD8 /* XCRemoteSwiftPackageReference "firebase-ios-sdk" */;
			productName = FirebaseAnalyticsSwift;
		};
		B2A935392AF183C0006B7AD8 /* FirebaseAnalyticsWithoutAdIdSupport */ = {
			isa = XCSwiftPackageProductDependency;
			package = B2A935322AF183C0006B7AD8 /* XCRemoteSwiftPackageReference "firebase-ios-sdk" */;
			productName = FirebaseAnalyticsWithoutAdIdSupport;
		};
		B2A9353B2AF183C0006B7AD8 /* FirebaseAppCheck */ = {
			isa = XCSwiftPackageProductDependency;
			package = B2A935322AF183C0006B7AD8 /* XCRemoteSwiftPackageReference "firebase-ios-sdk" */;
			productName = FirebaseAppCheck;
		};
		B2A9353D2AF183C0006B7AD8 /* FirebaseAuth */ = {
			isa = XCSwiftPackageProductDependency;
			package = B2A935322AF183C0006B7AD8 /* XCRemoteSwiftPackageReference "firebase-ios-sdk" */;
			productName = FirebaseAuth;
		};
		B2A9353F2AF183C0006B7AD8 /* FirebaseDatabase */ = {
			isa = XCSwiftPackageProductDependency;
			package = B2A935322AF183C0006B7AD8 /* XCRemoteSwiftPackageReference "firebase-ios-sdk" */;
			productName = FirebaseDatabase;
		};
		B2A935412AF183C0006B7AD8 /* FirebaseFirestore */ = {
			isa = XCSwiftPackageProductDependency;
			package = B2A935322AF183C0006B7AD8 /* XCRemoteSwiftPackageReference "firebase-ios-sdk" */;
			productName = FirebaseFirestore;
		};
		B2A935432AF183C0006B7AD8 /* FirebaseFirestoreSwift */ = {
			isa = XCSwiftPackageProductDependency;
			package = B2A935322AF183C0006B7AD8 /* XCRemoteSwiftPackageReference "firebase-ios-sdk" */;
			productName = FirebaseFirestoreSwift;
		};
		B2A935452AF183C0006B7AD8 /* FirebaseInAppMessaging-Beta */ = {
			isa = XCSwiftPackageProductDependency;
			package = B2A935322AF183C0006B7AD8 /* XCRemoteSwiftPackageReference "firebase-ios-sdk" */;
			productName = "FirebaseInAppMessaging-Beta";
		};
		B2A935472AF183C0006B7AD8 /* FirebaseInAppMessagingSwift-Beta */ = {
			isa = XCSwiftPackageProductDependency;
			package = B2A935322AF183C0006B7AD8 /* XCRemoteSwiftPackageReference "firebase-ios-sdk" */;
			productName = "FirebaseInAppMessagingSwift-Beta";
		};
		B2A935492AF183C0006B7AD8 /* FirebaseMessaging */ = {
			isa = XCSwiftPackageProductDependency;
			package = B2A935322AF183C0006B7AD8 /* XCRemoteSwiftPackageReference "firebase-ios-sdk" */;
			productName = FirebaseMessaging;
		};
		B2A9354B2AF183C0006B7AD8 /* FirebasePerformance */ = {
			isa = XCSwiftPackageProductDependency;
			package = B2A935322AF183C0006B7AD8 /* XCRemoteSwiftPackageReference "firebase-ios-sdk" */;
			productName = FirebasePerformance;
		};
		B2A9354D2AF183C0006B7AD8 /* FirebaseStorage */ = {
			isa = XCSwiftPackageProductDependency;
			package = B2A935322AF183C0006B7AD8 /* XCRemoteSwiftPackageReference "firebase-ios-sdk" */;
			productName = FirebaseStorage;
		};
/* End XCSwiftPackageProductDependency section */
	};
	rootObject = B2A934F82AF181FB006B7AD8 /* Project object */;
}
